// !$*UTF8*$!
{
	archiveVersion = 1;
	classes = {
	};
	objectVersion = 55;
	objects = {

/* Begin PBXBuildFile section */
		6A122F63283F6153009287DB /* AppDelegate.m in Sources */ = {isa = PBXBuildFile; fileRef = 6A122F62283F6153009287DB /* AppDelegate.m */; };
		6A122F66283F6153009287DB /* SceneDelegate.m in Sources */ = {isa = PBXBuildFile; fileRef = 6A122F65283F6153009287DB /* SceneDelegate.m */; };
		6A122F69283F6153009287DB /* ViewController.m in Sources */ = {isa = PBXBuildFile; fileRef = 6A122F68283F6153009287DB /* ViewController.m */; };
		6A122F6C283F6153009287DB /* Main.storyboard in Resources */ = {isa = PBXBuildFile; fileRef = 6A122F6A283F6153009287DB /* Main.storyboard */; };
		6A122F6E283F6155009287DB /* Assets.xcassets in Resources */ = {isa = PBXBuildFile; fileRef = 6A122F6D283F6155009287DB /* Assets.xcassets */; };
		6A122F71283F6155009287DB /* LaunchScreen.storyboard in Resources */ = {isa = PBXBuildFile; fileRef = 6A122F6F283F6155009287DB /* LaunchScreen.storyboard */; };
		6A122F74283F6155009287DB /* main.m in Sources */ = {isa = PBXBuildFile; fileRef = 6A122F73283F6155009287DB /* main.m */; };
		6A122F7E283F6155009287DB /* dispatch_barrierTests.m in Sources */ = {isa = PBXBuildFile; fileRef = 6A122F7D283F6155009287DB /* dispatch_barrierTests.m */; };
		6A122F88283F6155009287DB /* dispatch_barrierUITests.m in Sources */ = {isa = PBXBuildFile; fileRef = 6A122F87283F6155009287DB /* dispatch_barrierUITests.m */; };
		6A122F8A283F6155009287DB /* dispatch_barrierUITestsLaunchTests.m in Sources */ = {isa = PBXBuildFile; fileRef = 6A122F89283F6155009287DB /* dispatch_barrierUITestsLaunchTests.m */; };
/* End PBXBuildFile section */

/* Begin PBXContainerItemProxy section */
		6A122F7A283F6155009287DB /* PBXContainerItemProxy */ = {
			isa = PBXContainerItemProxy;
			containerPortal = 6A122F56283F6153009287DB /* Project object */;
			proxyType = 1;
			remoteGlobalIDString = 6A122F5D283F6153009287DB;
			remoteInfo = dispatch_barrier;
		};
		6A122F84283F6155009287DB /* PBXContainerItemProxy */ = {
			isa = PBXContainerItemProxy;
			containerPortal = 6A122F56283F6153009287DB /* Project object */;
			proxyType = 1;
			remoteGlobalIDString = 6A122F5D283F6153009287DB;
			remoteInfo = dispatch_barrier;
		};
/* End PBXContainerItemProxy section */

/* Begin PBXFileReference section */
		6A122F5E283F6153009287DB /* dispatch_barrier.app */ = {isa = PBXFileReference; explicitFileType = wrapper.application; includeInIndex = 0; path = dispatch_barrier.app; sourceTree = BUILT_PRODUCTS_DIR; };
		6A122F61283F6153009287DB /* AppDelegate.h */ = {isa = PBXFileReference; lastKnownFileType = sourcecode.c.h; path = AppDelegate.h; sourceTree = "<group>"; };
		6A122F62283F6153009287DB /* AppDelegate.m */ = {isa = PBXFileReference; lastKnownFileType = sourcecode.c.objc; path = AppDelegate.m; sourceTree = "<group>"; };
		6A122F64283F6153009287DB /* SceneDelegate.h */ = {isa = PBXFileReference; lastKnownFileType = sourcecode.c.h; path = SceneDelegate.h; sourceTree = "<group>"; };
		6A122F65283F6153009287DB /* SceneDelegate.m */ = {isa = PBXFileReference; lastKnownFileType = sourcecode.c.objc; path = SceneDelegate.m; sourceTree = "<group>"; };
		6A122F67283F6153009287DB /* ViewController.h */ = {isa = PBXFileReference; lastKnownFileType = sourcecode.c.h; path = ViewController.h; sourceTree = "<group>"; };
		6A122F68283F6153009287DB /* ViewController.m */ = {isa = PBXFileReference; lastKnownFileType = sourcecode.c.objc; path = ViewController.m; sourceTree = "<group>"; };
		6A122F6B283F6153009287DB /* Base */ = {isa = PBXFileReference; lastKnownFileType = file.storyboard; name = Base; path = Base.lproj/Main.storyboard; sourceTree = "<group>"; };
		6A122F6D283F6155009287DB /* Assets.xcassets */ = {isa = PBXFileReference; lastKnownFileType = folder.assetcatalog; path = Assets.xcassets; sourceTree = "<group>"; };
		6A122F70283F6155009287DB /* Base */ = {isa = PBXFileReference; lastKnownFileType = file.storyboard; name = Base; path = Base.lproj/LaunchScreen.storyboard; sourceTree = "<group>"; };
		6A122F72283F6155009287DB /* Info.plist */ = {isa = PBXFileReference; lastKnownFileType = text.plist.xml; path = Info.plist; sourceTree = "<group>"; };
		6A122F73283F6155009287DB /* main.m */ = {isa = PBXFileReference; lastKnownFileType = sourcecode.c.objc; path = main.m; sourceTree = "<group>"; };
		6A122F79283F6155009287DB /* dispatch_barrierTests.xctest */ = {isa = PBXFileReference; explicitFileType = wrapper.cfbundle; includeInIndex = 0; path = dispatch_barrierTests.xctest; sourceTree = BUILT_PRODUCTS_DIR; };
		6A122F7D283F6155009287DB /* dispatch_barrierTests.m */ = {isa = PBXFileReference; lastKnownFileType = sourcecode.c.objc; path = dispatch_barrierTests.m; sourceTree = "<group>"; };
		6A122F83283F6155009287DB /* dispatch_barrierUITests.xctest */ = {isa = PBXFileReference; explicitFileType = wrapper.cfbundle; includeInIndex = 0; path = dispatch_barrierUITests.xctest; sourceTree = BUILT_PRODUCTS_DIR; };
		6A122F87283F6155009287DB /* dispatch_barrierUITests.m */ = {isa = PBXFileReference; lastKnownFileType = sourcecode.c.objc; path = dispatch_barrierUITests.m; sourceTree = "<group>"; };
		6A122F89283F6155009287DB /* dispatch_barrierUITestsLaunchTests.m */ = {isa = PBXFileReference; lastKnownFileType = sourcecode.c.objc; path = dispatch_barrierUITestsLaunchTests.m; sourceTree = "<group>"; };
/* End PBXFileReference section */

/* Begin PBXFrameworksBuildPhase section */
		6A122F5B283F6153009287DB /* Frameworks */ = {
			isa = PBXFrameworksBuildPhase;
			buildActionMask = 2147483647;
			files = (
			);
			runOnlyForDeploymentPostprocessing = 0;
		};
		6A122F76283F6155009287DB /* Frameworks */ = {
			isa = PBXFrameworksBuildPhase;
			buildActionMask = 2147483647;
			files = (
			);
			runOnlyForDeploymentPostprocessing = 0;
		};
		6A122F80283F6155009287DB /* Frameworks */ = {
			isa = PBXFrameworksBuildPhase;
			buildActionMask = 2147483647;
			files = (
			);
			runOnlyForDeploymentPostprocessing = 0;
		};
/* End PBXFrameworksBuildPhase section */

/* Begin PBXGroup section */
		6A122F55283F6153009287DB = {
			isa = PBXGroup;
			children = (
				6A122F60283F6153009287DB /* dispatch_barrier */,
				6A122F7C283F6155009287DB /* dispatch_barrierTests */,
				6A122F86283F6155009287DB /* dispatch_barrierUITests */,
				6A122F5F283F6153009287DB /* Products */,
			);
			sourceTree = "<group>";
		};
		6A122F5F283F6153009287DB /* Products */ = {
			isa = PBXGroup;
			children = (
				6A122F5E283F6153009287DB /* dispatch_barrier.app */,
				6A122F79283F6155009287DB /* dispatch_barrierTests.xctest */,
				6A122F83283F6155009287DB /* dispatch_barrierUITests.xctest */,
			);
			name = Products;
			sourceTree = "<group>";
		};
		6A122F60283F6153009287DB /* dispatch_barrier */ = {
			isa = PBXGroup;
			children = (
				6A122F61283F6153009287DB /* AppDelegate.h */,
				6A122F62283F6153009287DB /* AppDelegate.m */,
				6A122F64283F6153009287DB /* SceneDelegate.h */,
				6A122F65283F6153009287DB /* SceneDelegate.m */,
				6A122F67283F6153009287DB /* ViewController.h */,
				6A122F68283F6153009287DB /* ViewController.m */,
				6A122F6A283F6153009287DB /* Main.storyboard */,
				6A122F6D283F6155009287DB /* Assets.xcassets */,
				6A122F6F283F6155009287DB /* LaunchScreen.storyboard */,
				6A122F72283F6155009287DB /* Info.plist */,
				6A122F73283F6155009287DB /* main.m */,
			);
			path = dispatch_barrier;
			sourceTree = "<group>";
		};
		6A122F7C283F6155009287DB /* dispatch_barrierTests */ = {
			isa = PBXGroup;
			children = (
				6A122F7D283F6155009287DB /* dispatch_barrierTests.m */,
			);
			path = dispatch_barrierTests;
			sourceTree = "<group>";
		};
		6A122F86283F6155009287DB /* dispatch_barrierUITests */ = {
			isa = PBXGroup;
			children = (
				6A122F87283F6155009287DB /* dispatch_barrierUITests.m */,
				6A122F89283F6155009287DB /* dispatch_barrierUITestsLaunchTests.m */,
			);
			path = dispatch_barrierUITests;
			sourceTree = "<group>";
		};
/* End PBXGroup section */

/* Begin PBXNativeTarget section */
		6A122F5D283F6153009287DB /* dispatch_barrier */ = {
			isa = PBXNativeTarget;
			buildConfigurationList = 6A122F8D283F6155009287DB /* Build configuration list for PBXNativeTarget "dispatch_barrier" */;
			buildPhases = (
				6A122F5A283F6153009287DB /* Sources */,
				6A122F5B283F6153009287DB /* Frameworks */,
				6A122F5C283F6153009287DB /* Resources */,
			);
			buildRules = (
			);
			dependencies = (
			);
			name = dispatch_barrier;
			productName = dispatch_barrier;
			productReference = 6A122F5E283F6153009287DB /* dispatch_barrier.app */;
			productType = "com.apple.product-type.application";
		};
		6A122F78283F6155009287DB /* dispatch_barrierTests */ = {
			isa = PBXNativeTarget;
			buildConfigurationList = 6A122F90283F6155009287DB /* Build configuration list for PBXNativeTarget "dispatch_barrierTests" */;
			buildPhases = (
				6A122F75283F6155009287DB /* Sources */,
				6A122F76283F6155009287DB /* Frameworks */,
				6A122F77283F6155009287DB /* Resources */,
			);
			buildRules = (
			);
			dependencies = (
				6A122F7B283F6155009287DB /* PBXTargetDependency */,
			);
			name = dispatch_barrierTests;
			productName = dispatch_barrierTests;
			productReference = 6A122F79283F6155009287DB /* dispatch_barrierTests.xctest */;
			productType = "com.apple.product-type.bundle.unit-test";
		};
		6A122F82283F6155009287DB /* dispatch_barrierUITests */ = {
			isa = PBXNativeTarget;
			buildConfigurationList = 6A122F93283F6155009287DB /* Build configuration list for PBXNativeTarget "dispatch_barrierUITests" */;
			buildPhases = (
				6A122F7F283F6155009287DB /* Sources */,
				6A122F80283F6155009287DB /* Frameworks */,
				6A122F81283F6155009287DB /* Resources */,
			);
			buildRules = (
			);
			dependencies = (
				6A122F85283F6155009287DB /* PBXTargetDependency */,
			);
			name = dispatch_barrierUITests;
			productName = dispatch_barrierUITests;
			productReference = 6A122F83283F6155009287DB /* dispatch_barrierUITests.xctest */;
			productType = "com.apple.product-type.bundle.ui-testing";
		};
/* End PBXNativeTarget section */

/* Begin PBXProject section */
		6A122F56283F6153009287DB /* Project object */ = {
			isa = PBXProject;
			attributes = {
				BuildIndependentTargetsInParallel = 1;
				LastUpgradeCheck = 1340;
				TargetAttributes = {
					6A122F5D283F6153009287DB = {
						CreatedOnToolsVersion = 13.4;
					};
					6A122F78283F6155009287DB = {
						CreatedOnToolsVersion = 13.4;
						TestTargetID = 6A122F5D283F6153009287DB;
					};
					6A122F82283F6155009287DB = {
						CreatedOnToolsVersion = 13.4;
						TestTargetID = 6A122F5D283F6153009287DB;
					};
				};
			};
			buildConfigurationList = 6A122F59283F6153009287DB /* Build configuration list for PBXProject "dispatch_barrier" */;
			compatibilityVersion = "Xcode 13.0";
			developmentRegion = en;
			hasScannedForEncodings = 0;
			knownRegions = (
				en,
				Base,
			);
			mainGroup = 6A122F55283F6153009287DB;
			productRefGroup = 6A122F5F283F6153009287DB /* Products */;
			projectDirPath = "";
			projectRoot = "";
			targets = (
				6A122F5D283F6153009287DB /* dispatch_barrier */,
				6A122F78283F6155009287DB /* dispatch_barrierTests */,
				6A122F82283F6155009287DB /* dispatch_barrierUITests */,
			);
		};
/* End PBXProject section */

/* Begin PBXResourcesBuildPhase section */
		6A122F5C283F6153009287DB /* Resources */ = {
			isa = PBXResourcesBuildPhase;
			buildActionMask = 2147483647;
			files = (
				6A122F71283F6155009287DB /* LaunchScreen.storyboard in Resources */,
				6A122F6E283F6155009287DB /* Assets.xcassets in Resources */,
				6A122F6C283F6153009287DB /* Main.storyboard in Resources */,
			);
			runOnlyForDeploymentPostprocessing = 0;
		};
		6A122F77283F6155009287DB /* Resources */ = {
			isa = PBXResourcesBuildPhase;
			buildActionMask = 2147483647;
			files = (
			);
			runOnlyForDeploymentPostprocessing = 0;
		};
		6A122F81283F6155009287DB /* Resources */ = {
			isa = PBXResourcesBuildPhase;
			buildActionMask = 2147483647;
			files = (
			);
			runOnlyForDeploymentPostprocessing = 0;
		};
/* End PBXResourcesBuildPhase section */

/* Begin PBXSourcesBuildPhase section */
		6A122F5A283F6153009287DB /* Sources */ = {
			isa = PBXSourcesBuildPhase;
			buildActionMask = 2147483647;
			files = (
				6A122F69283F6153009287DB /* ViewController.m in Sources */,
				6A122F63283F6153009287DB /* AppDelegate.m in Sources */,
				6A122F74283F6155009287DB /* main.m in Sources */,
				6A122F66283F6153009287DB /* SceneDelegate.m in Sources */,
			);
			runOnlyForDeploymentPostprocessing = 0;
		};
		6A122F75283F6155009287DB /* Sources */ = {
			isa = PBXSourcesBuildPhase;
			buildActionMask = 2147483647;
			files = (
				6A122F7E283F6155009287DB /* dispatch_barrierTests.m in Sources */,
			);
			runOnlyForDeploymentPostprocessing = 0;
		};
		6A122F7F283F6155009287DB /* Sources */ = {
			isa = PBXSourcesBuildPhase;
			buildActionMask = 2147483647;
			files = (
				6A122F8A283F6155009287DB /* dispatch_barrierUITestsLaunchTests.m in Sources */,
				6A122F88283F6155009287DB /* dispatch_barrierUITests.m in Sources */,
			);
			runOnlyForDeploymentPostprocessing = 0;
		};
/* End PBXSourcesBuildPhase section */

/* Begin PBXTargetDependency section */
		6A122F7B283F6155009287DB /* PBXTargetDependency */ = {
			isa = PBXTargetDependency;
			target = 6A122F5D283F6153009287DB /* dispatch_barrier */;
			targetProxy = 6A122F7A283F6155009287DB /* PBXContainerItemProxy */;
		};
		6A122F85283F6155009287DB /* PBXTargetDependency */ = {
			isa = PBXTargetDependency;
			target = 6A122F5D283F6153009287DB /* dispatch_barrier */;
			targetProxy = 6A122F84283F6155009287DB /* PBXContainerItemProxy */;
		};
/* End PBXTargetDependency section */

/* Begin PBXVariantGroup section */
		6A122F6A283F6153009287DB /* Main.storyboard */ = {
			isa = PBXVariantGroup;
			children = (
				6A122F6B283F6153009287DB /* Base */,
			);
			name = Main.storyboard;
			sourceTree = "<group>";
		};
		6A122F6F283F6155009287DB /* LaunchScreen.storyboard */ = {
			isa = PBXVariantGroup;
			children = (
				6A122F70283F6155009287DB /* Base */,
			);
			name = LaunchScreen.storyboard;
			sourceTree = "<group>";
		};
/* End PBXVariantGroup section */

/* Begin XCBuildConfiguration section */
		6A122F8B283F6155009287DB /* Debug */ = {
			isa = XCBuildConfiguration;
			buildSettings = {
				ALWAYS_SEARCH_USER_PATHS = NO;
				CLANG_ANALYZER_NONNULL = YES;
				CLANG_ANALYZER_NUMBER_OBJECT_CONVERSION = YES_AGGRESSIVE;
				CLANG_CXX_LANGUAGE_STANDARD = "gnu++17";
				CLANG_ENABLE_MODULES = YES;
				CLANG_ENABLE_OBJC_ARC = YES;
				CLANG_ENABLE_OBJC_WEAK = YES;
				CLANG_WARN_BLOCK_CAPTURE_AUTORELEASING = YES;
				CLANG_WARN_BOOL_CONVERSION = YES;
				CLANG_WARN_COMMA = YES;
				CLANG_WARN_CONSTANT_CONVERSION = YES;
				CLANG_WARN_DEPRECATED_OBJC_IMPLEMENTATIONS = YES;
				CLANG_WARN_DIRECT_OBJC_ISA_USAGE = YES_ERROR;
				CLANG_WARN_DOCUMENTATION_COMMENTS = YES;
				CLANG_WARN_EMPTY_BODY = YES;
				CLANG_WARN_ENUM_CONVERSION = YES;
				CLANG_WARN_INFINITE_RECURSION = YES;
				CLANG_WARN_INT_CONVERSION = YES;
				CLANG_WARN_NON_LITERAL_NULL_CONVERSION = YES;
				CLANG_WARN_OBJC_IMPLICIT_RETAIN_SELF = YES;
				CLANG_WARN_OBJC_LITERAL_CONVERSION = YES;
				CLANG_WARN_OBJC_ROOT_CLASS = YES_ERROR;
				CLANG_WARN_QUOTED_INCLUDE_IN_FRAMEWORK_HEADER = YES;
				CLANG_WARN_RANGE_LOOP_ANALYSIS = YES;
				CLANG_WARN_STRICT_PROTOTYPES = YES;
				CLANG_WARN_SUSPICIOUS_MOVE = YES;
				CLANG_WARN_UNGUARDED_AVAILABILITY = YES_AGGRESSIVE;
				CLANG_WARN_UNREACHABLE_CODE = YES;
				CLANG_WARN__DUPLICATE_METHOD_MATCH = YES;
				COPY_PHASE_STRIP = NO;
				DEBUG_INFORMATION_FORMAT = dwarf;
				ENABLE_STRICT_OBJC_MSGSEND = YES;
				ENABLE_TESTABILITY = YES;
				GCC_C_LANGUAGE_STANDARD = gnu11;
				GCC_DYNAMIC_NO_PIC = NO;
				GCC_NO_COMMON_BLOCKS = YES;
				GCC_OPTIMIZATION_LEVEL = 0;
				GCC_PREPROCESSOR_DEFINITIONS = (
					"DEBUG=1",
					"$(inherited)",
				);
				GCC_WARN_64_TO_32_BIT_CONVERSION = YES;
				GCC_WARN_ABOUT_RETURN_TYPE = YES_ERROR;
				GCC_WARN_UNDECLARED_SELECTOR = YES;
				GCC_WARN_UNINITIALIZED_AUTOS = YES_AGGRESSIVE;
				GCC_WARN_UNUSED_FUNCTION = YES;
				GCC_WARN_UNUSED_VARIABLE = YES;
				IPHONEOS_DEPLOYMENT_TARGET = 15.5;
				MTL_ENABLE_DEBUG_INFO = INCLUDE_SOURCE;
				MTL_FAST_MATH = YES;
				ONLY_ACTIVE_ARCH = YES;
				SDKROOT = iphoneos;
			};
			name = Debug;
		};
		6A122F8C283F6155009287DB /* Release */ = {
			isa = XCBuildConfiguration;
			buildSettings = {
				ALWAYS_SEARCH_USER_PATHS = NO;
				CLANG_ANALYZER_NONNULL = YES;
				CLANG_ANALYZER_NUMBER_OBJECT_CONVERSION = YES_AGGRESSIVE;
				CLANG_CXX_LANGUAGE_STANDARD = "gnu++17";
				CLANG_ENABLE_MODULES = YES;
				CLANG_ENABLE_OBJC_ARC = YES;
				CLANG_ENABLE_OBJC_WEAK = YES;
				CLANG_WARN_BLOCK_CAPTURE_AUTORELEASING = YES;
				CLANG_WARN_BOOL_CONVERSION = YES;
				CLANG_WARN_COMMA = YES;
				CLANG_WARN_CONSTANT_CONVERSION = YES;
				CLANG_WARN_DEPRECATED_OBJC_IMPLEMENTATIONS = YES;
				CLANG_WARN_DIRECT_OBJC_ISA_USAGE = YES_ERROR;
				CLANG_WARN_DOCUMENTATION_COMMENTS = YES;
				CLANG_WARN_EMPTY_BODY = YES;
				CLANG_WARN_ENUM_CONVERSION = YES;
				CLANG_WARN_INFINITE_RECURSION = YES;
				CLANG_WARN_INT_CONVERSION = YES;
				CLANG_WARN_NON_LITERAL_NULL_CONVERSION = YES;
				CLANG_WARN_OBJC_IMPLICIT_RETAIN_SELF = YES;
				CLANG_WARN_OBJC_LITERAL_CONVERSION = YES;
				CLANG_WARN_OBJC_ROOT_CLASS = YES_ERROR;
				CLANG_WARN_QUOTED_INCLUDE_IN_FRAMEWORK_HEADER = YES;
				CLANG_WARN_RANGE_LOOP_ANALYSIS = YES;
				CLANG_WARN_STRICT_PROTOTYPES = YES;
				CLANG_WARN_SUSPICIOUS_MOVE = YES;
				CLANG_WARN_UNGUARDED_AVAILABILITY = YES_AGGRESSIVE;
				CLANG_WARN_UNREACHABLE_CODE = YES;
				CLANG_WARN__DUPLICATE_METHOD_MATCH = YES;
				COPY_PHASE_STRIP = NO;
				DEBUG_INFORMATION_FORMAT = "dwarf-with-dsym";
				ENABLE_NS_ASSERTIONS = NO;
				ENABLE_STRICT_OBJC_MSGSEND = YES;
				GCC_C_LANGUAGE_STANDARD = gnu11;
				GCC_NO_COMMON_BLOCKS = YES;
				GCC_WARN_64_TO_32_BIT_CONVERSION = YES;
				GCC_WARN_ABOUT_RETURN_TYPE = YES_ERROR;
				GCC_WARN_UNDECLARED_SELECTOR = YES;
				GCC_WARN_UNINITIALIZED_AUTOS = YES_AGGRESSIVE;
				GCC_WARN_UNUSED_FUNCTION = YES;
				GCC_WARN_UNUSED_VARIABLE = YES;
				IPHONEOS_DEPLOYMENT_TARGET = 15.5;
				MTL_ENABLE_DEBUG_INFO = NO;
				MTL_FAST_MATH = YES;
				SDKROOT = iphoneos;
				VALIDATE_PRODUCT = YES;
			};
			name = Release;
		};
		6A122F8E283F6155009287DB /* Debug */ = {
			isa = XCBuildConfiguration;
			buildSettings = {
				ASSETCATALOG_COMPILER_APPICON_NAME = AppIcon;
				ASSETCATALOG_COMPILER_GLOBAL_ACCENT_COLOR_NAME = AccentColor;
				CODE_SIGN_STYLE = Automatic;
				CURRENT_PROJECT_VERSION = 1;
				DEVELOPMENT_TEAM = 4FJAGRL7Z5;
				GENERATE_INFOPLIST_FILE = YES;
				INFOPLIST_FILE = dispatch_barrier/Info.plist;
				INFOPLIST_KEY_UIApplicationSupportsIndirectInputEvents = YES;
				INFOPLIST_KEY_UILaunchStoryboardName = LaunchScreen;
				INFOPLIST_KEY_UIMainStoryboardFile = Main;
				INFOPLIST_KEY_UISupportedInterfaceOrientations_iPad = "UIInterfaceOrientationPortrait UIInterfaceOrientationPortraitUpsideDown UIInterfaceOrientationLandscapeLeft UIInterfaceOrientationLandscapeRight";
				INFOPLIST_KEY_UISupportedInterfaceOrientations_iPhone = "UIInterfaceOrientationPortrait UIInterfaceOrientationLandscapeLeft UIInterfaceOrientationLandscapeRight";
				LD_RUNPATH_SEARCH_PATHS = (
					"$(inherited)",
					"@executable_path/Frameworks",
				);
				MARKETING_VERSION = 1.0;
				PRODUCT_BUNDLE_IDENTIFIER = "com.xkw.dispatch-barrier";
				PRODUCT_NAME = "$(TARGET_NAME)";
				SWIFT_EMIT_LOC_STRINGS = YES;
				TARGETED_DEVICE_FAMILY = "1,2";
			};
			name = Debug;
		};
		6A122F8F283F6155009287DB /* Release */ = {
			isa = XCBuildConfiguration;
			buildSettings = {
				ASSETCATALOG_COMPILER_APPICON_NAME = AppIcon;
				ASSETCATALOG_COMPILER_GLOBAL_ACCENT_COLOR_NAME = AccentColor;
				CODE_SIGN_STYLE = Automatic;
				CURRENT_PROJECT_VERSION = 1;
				DEVELOPMENT_TEAM = 4FJAGRL7Z5;
				GENERATE_INFOPLIST_FILE = YES;
				INFOPLIST_FILE = dispatch_barrier/Info.plist;
				INFOPLIST_KEY_UIApplicationSupportsIndirectInputEvents = YES;
				INFOPLIST_KEY_UILaunchStoryboardName = LaunchScreen;
				INFOPLIST_KEY_UIMainStoryboardFile = Main;
				INFOPLIST_KEY_UISupportedInterfaceOrientations_iPad = "UIInterfaceOrientationPortrait UIInterfaceOrientationPortraitUpsideDown UIInterfaceOrientationLandscapeLeft UIInterfaceOrientationLandscapeRight";
				INFOPLIST_KEY_UISupportedInterfaceOrientations_iPhone = "UIInterfaceOrientationPortrait UIInterfaceOrientationLandscapeLeft UIInterfaceOrientationLandscapeRight";
				LD_RUNPATH_SEARCH_PATHS = (
					"$(inherited)",
					"@executable_path/Frameworks",
				);
				MARKETING_VERSION = 1.0;
				PRODUCT_BUNDLE_IDENTIFIER = "com.xkw.dispatch-barrier";
				PRODUCT_NAME = "$(TARGET_NAME)";
				SWIFT_EMIT_LOC_STRINGS = YES;
				TARGETED_DEVICE_FAMILY = "1,2";
			};
			name = Release;
		};
		6A122F91283F6155009287DB /* Debug */ = {
			isa = XCBuildConfiguration;
			buildSettings = {
				BUNDLE_LOADER = "$(TEST_HOST)";
				CODE_SIGN_STYLE = Automatic;
				CURRENT_PROJECT_VERSION = 1;
				DEVELOPMENT_TEAM = 4FJAGRL7Z5;
				GENERATE_INFOPLIST_FILE = YES;
				IPHONEOS_DEPLOYMENT_TARGET = 15.5;
				MARKETING_VERSION = 1.0;
				PRODUCT_BUNDLE_IDENTIFIER = "com.xkw.dispatch-barrierTests";
				PRODUCT_NAME = "$(TARGET_NAME)";
				SWIFT_EMIT_LOC_STRINGS = NO;
				TARGETED_DEVICE_FAMILY = "1,2";
				TEST_HOST = "$(BUILT_PRODUCTS_DIR)/dispatch_barrier.app/dispatch_barrier";
			};
			name = Debug;
		};
		6A122F92283F6155009287DB /* Release */ = {
			isa = XCBuildConfiguration;
			buildSettings = {
				BUNDLE_LOADER = "$(TEST_HOST)";
				CODE_SIGN_STYLE = Automatic;
				CURRENT_PROJECT_VERSION = 1;
				DEVELOPMENT_TEAM = 4FJAGRL7Z5;
				GENERATE_INFOPLIST_FILE = YES;
				IPHONEOS_DEPLOYMENT_TARGET = 15.5;
				MARKETING_VERSION = 1.0;
				PRODUCT_BUNDLE_IDENTIFIER = "com.xkw.dispatch-barrierTests";
				PRODUCT_NAME = "$(TARGET_NAME)";
				SWIFT_EMIT_LOC_STRINGS = NO;
				TARGETED_DEVICE_FAMILY = "1,2";
				TEST_HOST = "$(BUILT_PRODUCTS_DIR)/dispatch_barrier.app/dispatch_barrier";
			};
			name = Release;
		};
		6A122F94283F6155009287DB /* Debug */ = {
			isa = XCBuildConfiguration;
			buildSettings = {
				CODE_SIGN_STYLE = Automatic;
				CURRENT_PROJECT_VERSION = 1;
				DEVELOPMENT_TEAM = 4FJAGRL7Z5;
				GENERATE_INFOPLIST_FILE = YES;
				MARKETING_VERSION = 1.0;
				PRODUCT_BUNDLE_IDENTIFIER = "com.xkw.dispatch-barrierUITests";
				PRODUCT_NAME = "$(TARGET_NAME)";
				SWIFT_EMIT_LOC_STRINGS = NO;
				TARGETED_DEVICE_FAMILY = "1,2";
				TEST_TARGET_NAME = dispatch_barrier;
			};
			name = Debug;
		};
		6A122F95283F6155009287DB /* Release */ = {
			isa = XCBuildConfiguration;
			buildSettings = {
				CODE_SIGN_STYLE = Automatic;
				CURRENT_PROJECT_VERSION = 1;
				DEVELOPMENT_TEAM = 4FJAGRL7Z5;
				GENERATE_INFOPLIST_FILE = YES;
				MARKETING_VERSION = 1.0;
				PRODUCT_BUNDLE_IDENTIFIER = "com.xkw.dispatch-barrierUITests";
				PRODUCT_NAME = "$(TARGET_NAME)";
				SWIFT_EMIT_LOC_STRINGS = NO;
				TARGETED_DEVICE_FAMILY = "1,2";
				TEST_TARGET_NAME = dispatch_barrier;
			};
			name = Release;
		};
/* End XCBuildConfiguration section */

/* Begin XCConfigurationList section */
		6A122F59283F6153009287DB /* Build configuration list for PBXProject "dispatch_barrier" */ = {
			isa = XCConfigurationList;
			buildConfigurations = (
				6A122F8B283F6155009287DB /* Debug */,
				6A122F8C283F6155009287DB /* Release */,
			);
			defaultConfigurationIsVisible = 0;
			defaultConfigurationName = Release;
		};
		6A122F8D283F6155009287DB /* Build configuration list for PBXNativeTarget "dispatch_barrier" */ = {
			isa = XCConfigurationList;
			buildConfigurations = (
				6A122F8E283F6155009287DB /* Debug */,
				6A122F8F283F6155009287DB /* Release */,
			);
			defaultConfigurationIsVisible = 0;
			defaultConfigurationName = Release;
		};
		6A122F90283F6155009287DB /* Build configuration list for PBXNativeTarget "dispatch_barrierTests" */ = {
			isa = XCConfigurationList;
			buildConfigurations = (
				6A122F91283F6155009287DB /* Debug */,
				6A122F92283F6155009287DB /* Release */,
			);
			defaultConfigurationIsVisible = 0;
			defaultConfigurationName = Release;
		};
		6A122F93283F6155009287DB /* Build configuration list for PBXNativeTarget "dispatch_barrierUITests" */ = {
			isa = XCConfigurationList;
			buildConfigurations = (
				6A122F94283F6155009287DB /* Debug */,
				6A122F95283F6155009287DB /* Release */,
			);
			defaultConfigurationIsVisible = 0;
			defaultConfigurationName = Release;
		};
/* End XCConfigurationList section */
	};
	rootObject = 6A122F56283F6153009287DB /* Project object */;
}
