// !$*UTF8*$!
{
	archiveVersion = 1;
	classes = {
	};
	objectVersion = 55;
	objects = {

/* Begin PBXBuildFile section */
		998515F727CA1C9A00B9191C /* AppDelegate.m in Sources */ = {isa = PBXBuildFile; fileRef = 998515F627CA1C9A00B9191C /* AppDelegate.m */; };
		998515FA27CA1C9A00B9191C /* SceneDelegate.m in Sources */ = {isa = PBXBuildFile; fileRef = 998515F927CA1C9A00B9191C /* SceneDelegate.m */; };
		998515FD27CA1C9A00B9191C /* ViewController.m in Sources */ = {isa = PBXBuildFile; fileRef = 998515FC27CA1C9A00B9191C /* ViewController.m */; };
		9985160027CA1C9A00B9191C /* Main.storyboard in Resources */ = {isa = PBXBuildFile; fileRef = 998515FE27CA1C9A00B9191C /* Main.storyboard */; };
		9985160227CA1C9B00B9191C /* Assets.xcassets in Resources */ = {isa = PBXBuildFile; fileRef = 9985160127CA1C9B00B9191C /* Assets.xcassets */; };
		9985160527CA1C9B00B9191C /* LaunchScreen.storyboard in Resources */ = {isa = PBXBuildFile; fileRef = 9985160327CA1C9B00B9191C /* LaunchScreen.storyboard */; };
		9985160827CA1C9B00B9191C /* main.m in Sources */ = {isa = PBXBuildFile; fileRef = 9985160727CA1C9B00B9191C /* main.m */; };
		9985161027CA1D5D00B9191C /* SwiftTest.swift in Sources */ = {isa = PBXBuildFile; fileRef = 9985160F27CA1D5D00B9191C /* SwiftTest.swift */; };
/* End PBXBuildFile section */

/* Begin PBXFileReference section */
		998515F227CA1C9A00B9191C /* TraceDemo.app */ = {isa = PBXFileReference; explicitFileType = wrapper.application; includeInIndex = 0; path = TraceDemo.app; sourceTree = BUILT_PRODUCTS_DIR; };
		998515F527CA1C9A00B9191C /* AppDelegate.h */ = {isa = PBXFileReference; lastKnownFileType = sourcecode.c.h; path = AppDelegate.h; sourceTree = "<group>"; };
		998515F627CA1C9A00B9191C /* AppDelegate.m */ = {isa = PBXFileReference; lastKnownFileType = sourcecode.c.objc; path = AppDelegate.m; sourceTree = "<group>"; };
		998515F827CA1C9A00B9191C /* SceneDelegate.h */ = {isa = PBXFileReference; lastKnownFileType = sourcecode.c.h; path = SceneDelegate.h; sourceTree = "<group>"; };
		998515F927CA1C9A00B9191C /* SceneDelegate.m */ = {isa = PBXFileReference; lastKnownFileType = sourcecode.c.objc; path = SceneDelegate.m; sourceTree = "<group>"; };
		998515FB27CA1C9A00B9191C /* ViewController.h */ = {isa = PBXFileReference; lastKnownFileType = sourcecode.c.h; path = ViewController.h; sourceTree = "<group>"; };
		998515FC27CA1C9A00B9191C /* ViewController.m */ = {isa = PBXFileReference; lastKnownFileType = sourcecode.c.objc; path = ViewController.m; sourceTree = "<group>"; };
		998515FF27CA1C9A00B9191C /* Base */ = {isa = PBXFileReference; lastKnownFileType = file.storyboard; name = Base; path = Base.lproj/Main.storyboard; sourceTree = "<group>"; };
		9985160127CA1C9B00B9191C /* Assets.xcassets */ = {isa = PBXFileReference; lastKnownFileType = folder.assetcatalog; path = Assets.xcassets; sourceTree = "<group>"; };
		9985160427CA1C9B00B9191C /* Base */ = {isa = PBXFileReference; lastKnownFileType = file.storyboard; name = Base; path = Base.lproj/LaunchScreen.storyboard; sourceTree = "<group>"; };
		9985160627CA1C9B00B9191C /* Info.plist */ = {isa = PBXFileReference; lastKnownFileType = text.plist.xml; path = Info.plist; sourceTree = "<group>"; };
		9985160727CA1C9B00B9191C /* main.m */ = {isa = PBXFileReference; lastKnownFileType = sourcecode.c.objc; path = main.m; sourceTree = "<group>"; };
		9985160E27CA1D5D00B9191C /* TraceDemo-Bridging-Header.h */ = {isa = PBXFileReference; lastKnownFileType = sourcecode.c.h; path = "TraceDemo-Bridging-Header.h"; sourceTree = "<group>"; };
		9985160F27CA1D5D00B9191C /* SwiftTest.swift */ = {isa = PBXFileReference; lastKnownFileType = sourcecode.swift; path = SwiftTest.swift; sourceTree = "<group>"; };
/* End PBXFileReference section */

/* Begin PBXFrameworksBuildPhase section */
		998515EF27CA1C9A00B9191C /* Frameworks */ = {
			isa = PBXFrameworksBuildPhase;
			buildActionMask = 2147483647;
			files = (
			);
			runOnlyForDeploymentPostprocessing = 0;
		};
/* End PBXFrameworksBuildPhase section */

/* Begin PBXGroup section */
		998515E927CA1C9A00B9191C = {
			isa = PBXGroup;
			children = (
				998515F427CA1C9A00B9191C /* TraceDemo */,
				998515F327CA1C9A00B9191C /* Products */,
			);
			sourceTree = "<group>";
		};
		998515F327CA1C9A00B9191C /* Products */ = {
			isa = PBXGroup;
			children = (
				998515F227CA1C9A00B9191C /* TraceDemo.app */,
			);
			name = Products;
			sourceTree = "<group>";
		};
		998515F427CA1C9A00B9191C /* TraceDemo */ = {
			isa = PBXGroup;
			children = (
				998515F527CA1C9A00B9191C /* AppDelegate.h */,
				998515F627CA1C9A00B9191C /* AppDelegate.m */,
				998515F827CA1C9A00B9191C /* SceneDelegate.h */,
				998515F927CA1C9A00B9191C /* SceneDelegate.m */,
				998515FB27CA1C9A00B9191C /* ViewController.h */,
				998515FC27CA1C9A00B9191C /* ViewController.m */,
				998515FE27CA1C9A00B9191C /* Main.storyboard */,
				9985160127CA1C9B00B9191C /* Assets.xcassets */,
				9985160327CA1C9B00B9191C /* LaunchScreen.storyboard */,
				9985160627CA1C9B00B9191C /* Info.plist */,
				9985160727CA1C9B00B9191C /* main.m */,
				9985160F27CA1D5D00B9191C /* SwiftTest.swift */,
				9985160E27CA1D5D00B9191C /* TraceDemo-Bridging-Header.h */,
			);
			path = TraceDemo;
			sourceTree = "<group>";
		};
/* End PBXGroup section */

/* Begin PBXNativeTarget section */
		998515F127CA1C9A00B9191C /* TraceDemo */ = {
			isa = PBXNativeTarget;
			buildConfigurationList = 9985160B27CA1C9B00B9191C /* Build configuration list for PBXNativeTarget "TraceDemo" */;
			buildPhases = (
				998515EE27CA1C9A00B9191C /* Sources */,
				998515EF27CA1C9A00B9191C /* Frameworks */,
				998515F027CA1C9A00B9191C /* Resources */,
			);
			buildRules = (
			);
			dependencies = (
			);
			name = TraceDemo;
			productName = TraceDemo;
			productReference = 998515F227CA1C9A00B9191C /* TraceDemo.app */;
			productType = "com.apple.product-type.application";
		};
/* End PBXNativeTarget section */

/* Begin PBXProject section */
		998515EA27CA1C9A00B9191C /* Project object */ = {
			isa = PBXProject;
			attributes = {
				BuildIndependentTargetsInParallel = 1;
				LastUpgradeCheck = 1310;
				TargetAttributes = {
					998515F127CA1C9A00B9191C = {
						CreatedOnToolsVersion = 13.1;
						LastSwiftMigration = 1310;
					};
				};
			};
			buildConfigurationList = 998515ED27CA1C9A00B9191C /* Build configuration list for PBXProject "TraceDemo" */;
			compatibilityVersion = "Xcode 13.0";
			developmentRegion = en;
			hasScannedForEncodings = 0;
			knownRegions = (
				en,
				Base,
			);
			mainGroup = 998515E927CA1C9A00B9191C;
			productRefGroup = 998515F327CA1C9A00B9191C /* Products */;
			projectDirPath = "";
			projectRoot = "";
			targets = (
				998515F127CA1C9A00B9191C /* TraceDemo */,
			);
		};
/* End PBXProject section */

/* Begin PBXResourcesBuildPhase section */
		998515F027CA1C9A00B9191C /* Resources */ = {
			isa = PBXResourcesBuildPhase;
			buildActionMask = 2147483647;
			files = (
				9985160527CA1C9B00B9191C /* LaunchScreen.storyboard in Resources */,
				9985160227CA1C9B00B9191C /* Assets.xcassets in Resources */,
				9985160027CA1C9A00B9191C /* Main.storyboard in Resources */,
			);
			runOnlyForDeploymentPostprocessing = 0;
		};
/* End PBXResourcesBuildPhase section */

/* Begin PBXSourcesBuildPhase section */
		998515EE27CA1C9A00B9191C /* Sources */ = {
			isa = PBXSourcesBuildPhase;
			buildActionMask = 2147483647;
			files = (
				998515FD27CA1C9A00B9191C /* ViewController.m in Sources */,
				998515F727CA1C9A00B9191C /* AppDelegate.m in Sources */,
				9985161027CA1D5D00B9191C /* SwiftTest.swift in Sources */,
				9985160827CA1C9B00B9191C /* main.m in Sources */,
				998515FA27CA1C9A00B9191C /* SceneDelegate.m in Sources */,
			);
			runOnlyForDeploymentPostprocessing = 0;
		};
/* End PBXSourcesBuildPhase section */

/* Begin PBXVariantGroup section */
		998515FE27CA1C9A00B9191C /* Main.storyboard */ = {
			isa = PBXVariantGroup;
			children = (
				998515FF27CA1C9A00B9191C /* Base */,
			);
			name = Main.storyboard;
			sourceTree = "<group>";
		};
		9985160327CA1C9B00B9191C /* LaunchScreen.storyboard */ = {
			isa = PBXVariantGroup;
			children = (
				9985160427CA1C9B00B9191C /* Base */,
			);
			name = LaunchScreen.storyboard;
			sourceTree = "<group>";
		};
/* End PBXVariantGroup section */

/* Begin XCBuildConfiguration section */
		9985160927CA1C9B00B9191C /* Debug */ = {
			isa = XCBuildConfiguration;
			buildSettings = {
				ALWAYS_SEARCH_USER_PATHS = NO;
				CLANG_ANALYZER_NONNULL = YES;
				CLANG_ANALYZER_NUMBER_OBJECT_CONVERSION = YES_AGGRESSIVE;
				CLANG_CXX_LANGUAGE_STANDARD = "gnu++17";
				CLANG_CXX_LIBRARY = "libc++";
				CLANG_ENABLE_MODULES = YES;
				CLANG_ENABLE_OBJC_ARC = YES;
				CLANG_ENABLE_OBJC_WEAK = YES;
				CLANG_WARN_BLOCK_CAPTURE_AUTORELEASING = YES;
				CLANG_WARN_BOOL_CONVERSION = YES;
				CLANG_WARN_COMMA = YES;
				CLANG_WARN_CONSTANT_CONVERSION = YES;
				CLANG_WARN_DEPRECATED_OBJC_IMPLEMENTATIONS = YES;
				CLANG_WARN_DIRECT_OBJC_ISA_USAGE = YES_ERROR;
				CLANG_WARN_DOCUMENTATION_COMMENTS = YES;
				CLANG_WARN_EMPTY_BODY = YES;
				CLANG_WARN_ENUM_CONVERSION = YES;
				CLANG_WARN_INFINITE_RECURSION = YES;
				CLANG_WARN_INT_CONVERSION = YES;
				CLANG_WARN_NON_LITERAL_NULL_CONVERSION = YES;
				CLANG_WARN_OBJC_IMPLICIT_RETAIN_SELF = YES;
				CLANG_WARN_OBJC_LITERAL_CONVERSION = YES;
				CLANG_WARN_OBJC_ROOT_CLASS = YES_ERROR;
				CLANG_WARN_QUOTED_INCLUDE_IN_FRAMEWORK_HEADER = YES;
				CLANG_WARN_RANGE_LOOP_ANALYSIS = YES;
				CLANG_WARN_STRICT_PROTOTYPES = YES;
				CLANG_WARN_SUSPICIOUS_MOVE = YES;
				CLANG_WARN_UNGUARDED_AVAILABILITY = YES_AGGRESSIVE;
				CLANG_WARN_UNREACHABLE_CODE = YES;
				CLANG_WARN__DUPLICATE_METHOD_MATCH = YES;
				COPY_PHASE_STRIP = NO;
				DEBUG_INFORMATION_FORMAT = dwarf;
				ENABLE_STRICT_OBJC_MSGSEND = YES;
				ENABLE_TESTABILITY = YES;
				GCC_C_LANGUAGE_STANDARD = gnu11;
				GCC_DYNAMIC_NO_PIC = NO;
				GCC_NO_COMMON_BLOCKS = YES;
				GCC_OPTIMIZATION_LEVEL = 0;
				GCC_PREPROCESSOR_DEFINITIONS = (
					"DEBUG=1",
					"$(inherited)",
				);
				GCC_WARN_64_TO_32_BIT_CONVERSION = YES;
				GCC_WARN_ABOUT_RETURN_TYPE = YES_ERROR;
				GCC_WARN_UNDECLARED_SELECTOR = YES;
				GCC_WARN_UNINITIALIZED_AUTOS = YES_AGGRESSIVE;
				GCC_WARN_UNUSED_FUNCTION = YES;
				GCC_WARN_UNUSED_VARIABLE = YES;
				IPHONEOS_DEPLOYMENT_TARGET = 15.0;
				MTL_ENABLE_DEBUG_INFO = INCLUDE_SOURCE;
				MTL_FAST_MATH = YES;
				ONLY_ACTIVE_ARCH = YES;
				SDKROOT = iphoneos;
			};
			name = Debug;
		};
		9985160A27CA1C9B00B9191C /* Release */ = {
			isa = XCBuildConfiguration;
			buildSettings = {
				ALWAYS_SEARCH_USER_PATHS = NO;
				CLANG_ANALYZER_NONNULL = YES;
				CLANG_ANALYZER_NUMBER_OBJECT_CONVERSION = YES_AGGRESSIVE;
				CLANG_CXX_LANGUAGE_STANDARD = "gnu++17";
				CLANG_CXX_LIBRARY = "libc++";
				CLANG_ENABLE_MODULES = YES;
				CLANG_ENABLE_OBJC_ARC = YES;
				CLANG_ENABLE_OBJC_WEAK = YES;
				CLANG_WARN_BLOCK_CAPTURE_AUTORELEASING = YES;
				CLANG_WARN_BOOL_CONVERSION = YES;
				CLANG_WARN_COMMA = YES;
				CLANG_WARN_CONSTANT_CONVERSION = YES;
				CLANG_WARN_DEPRECATED_OBJC_IMPLEMENTATIONS = YES;
				CLANG_WARN_DIRECT_OBJC_ISA_USAGE = YES_ERROR;
				CLANG_WARN_DOCUMENTATION_COMMENTS = YES;
				CLANG_WARN_EMPTY_BODY = YES;
				CLANG_WARN_ENUM_CONVERSION = YES;
				CLANG_WARN_INFINITE_RECURSION = YES;
				CLANG_WARN_INT_CONVERSION = YES;
				CLANG_WARN_NON_LITERAL_NULL_CONVERSION = YES;
				CLANG_WARN_OBJC_IMPLICIT_RETAIN_SELF = YES;
				CLANG_WARN_OBJC_LITERAL_CONVERSION = YES;
				CLANG_WARN_OBJC_ROOT_CLASS = YES_ERROR;
				CLANG_WARN_QUOTED_INCLUDE_IN_FRAMEWORK_HEADER = YES;
				CLANG_WARN_RANGE_LOOP_ANALYSIS = YES;
				CLANG_WARN_STRICT_PROTOTYPES = YES;
				CLANG_WARN_SUSPICIOUS_MOVE = YES;
				CLANG_WARN_UNGUARDED_AVAILABILITY = YES_AGGRESSIVE;
				CLANG_WARN_UNREACHABLE_CODE = YES;
				CLANG_WARN__DUPLICATE_METHOD_MATCH = YES;
				COPY_PHASE_STRIP = NO;
				DEBUG_INFORMATION_FORMAT = "dwarf-with-dsym";
				ENABLE_NS_ASSERTIONS = NO;
				ENABLE_STRICT_OBJC_MSGSEND = YES;
				GCC_C_LANGUAGE_STANDARD = gnu11;
				GCC_NO_COMMON_BLOCKS = YES;
				GCC_WARN_64_TO_32_BIT_CONVERSION = YES;
				GCC_WARN_ABOUT_RETURN_TYPE = YES_ERROR;
				GCC_WARN_UNDECLARED_SELECTOR = YES;
				GCC_WARN_UNINITIALIZED_AUTOS = YES_AGGRESSIVE;
				GCC_WARN_UNUSED_FUNCTION = YES;
				GCC_WARN_UNUSED_VARIABLE = YES;
				IPHONEOS_DEPLOYMENT_TARGET = 15.0;
				MTL_ENABLE_DEBUG_INFO = NO;
				MTL_FAST_MATH = YES;
				SDKROOT = iphoneos;
				VALIDATE_PRODUCT = YES;
			};
			name = Release;
		};
		9985160C27CA1C9B00B9191C /* Debug */ = {
			isa = XCBuildConfiguration;
			buildSettings = {
				ASSETCATALOG_COMPILER_APPICON_NAME = AppIcon;
				ASSETCATALOG_COMPILER_GLOBAL_ACCENT_COLOR_NAME = AccentColor;
				CLANG_ENABLE_MODULES = YES;
				CODE_SIGN_STYLE = Automatic;
				CURRENT_PROJECT_VERSION = 1;
				GENERATE_INFOPLIST_FILE = YES;
				INFOPLIST_FILE = TraceDemo/Info.plist;
				INFOPLIST_KEY_UIApplicationSupportsIndirectInputEvents = YES;
				INFOPLIST_KEY_UILaunchStoryboardName = LaunchScreen;
				INFOPLIST_KEY_UIMainStoryboardFile = Main;
				INFOPLIST_KEY_UISupportedInterfaceOrientations_iPad = "UIInterfaceOrientationPortrait UIInterfaceOrientationPortraitUpsideDown UIInterfaceOrientationLandscapeLeft UIInterfaceOrientationLandscapeRight";
				INFOPLIST_KEY_UISupportedInterfaceOrientations_iPhone = "UIInterfaceOrientationPortrait UIInterfaceOrientationLandscapeLeft UIInterfaceOrientationLandscapeRight";
				LD_RUNPATH_SEARCH_PATHS = (
					"$(inherited)",
					"@executable_path/Frameworks",
				);
				MARKETING_VERSION = 1.0;
				OTHER_CFLAGS = "-fsanitize-coverage=func,trace-pc-guard";
				OTHER_SWIFT_FLAGS = "-sanitize-coverage=func -sanitize=undefined";
				PRODUCT_BUNDLE_IDENTIFIER = com.logic.TraceDemo;
				PRODUCT_NAME = "$(TARGET_NAME)";
				SWIFT_EMIT_LOC_STRINGS = YES;
				SWIFT_OBJC_BRIDGING_HEADER = "TraceDemo/TraceDemo-Bridging-Header.h";
				SWIFT_OPTIMIZATION_LEVEL = "-Onone";
				SWIFT_VERSION = 5.0;
				TARGETED_DEVICE_FAMILY = "1,2";
			};
			name = Debug;
		};
		9985160D27CA1C9B00B9191C /* Release */ = {
			isa = XCBuildConfiguration;
			buildSettings = {
				ASSETCATALOG_COMPILER_APPICON_NAME = AppIcon;
				ASSETCATALOG_COMPILER_GLOBAL_ACCENT_COLOR_NAME = AccentColor;
				CLANG_ENABLE_MODULES = YES;
				CODE_SIGN_STYLE = Automatic;
				CURRENT_PROJECT_VERSION = 1;
				GENERATE_INFOPLIST_FILE = YES;
				INFOPLIST_FILE = TraceDemo/Info.plist;
				INFOPLIST_KEY_UIApplicationSupportsIndirectInputEvents = YES;
				INFOPLIST_KEY_UILaunchStoryboardName = LaunchScreen;
				INFOPLIST_KEY_UIMainStoryboardFile = Main;
				INFOPLIST_KEY_UISupportedInterfaceOrientations_iPad = "UIInterfaceOrientationPortrait UIInterfaceOrientationPortraitUpsideDown UIInterfaceOrientationLandscapeLeft UIInterfaceOrientationLandscapeRight";
				INFOPLIST_KEY_UISupportedInterfaceOrientations_iPhone = "UIInterfaceOrientationPortrait UIInterfaceOrientationLandscapeLeft UIInterfaceOrientationLandscapeRight";
				LD_RUNPATH_SEARCH_PATHS = (
					"$(inherited)",
					"@executable_path/Frameworks",
				);
				MARKETING_VERSION = 1.0;
				OTHER_CFLAGS = "-fsanitize-coverage=func,trace-pc-guard";
				OTHER_SWIFT_FLAGS = "-sanitize-coverage=func -sanitize=undefined";
				PRODUCT_BUNDLE_IDENTIFIER = com.logic.TraceDemo;
				PRODUCT_NAME = "$(TARGET_NAME)";
				SWIFT_EMIT_LOC_STRINGS = YES;
				SWIFT_OBJC_BRIDGING_HEADER = "TraceDemo/TraceDemo-Bridging-Header.h";
				SWIFT_VERSION = 5.0;
				TARGETED_DEVICE_FAMILY = "1,2";
			};
			name = Release;
		};
/* End XCBuildConfiguration section */

/* Begin XCConfigurationList section */
		998515ED27CA1C9A00B9191C /* Build configuration list for PBXProject "TraceDemo" */ = {
			isa = XCConfigurationList;
			buildConfigurations = (
				9985160927CA1C9B00B9191C /* Debug */,
				9985160A27CA1C9B00B9191C /* Release */,
			);
			defaultConfigurationIsVisible = 0;
			defaultConfigurationName = Release;
		};
		9985160B27CA1C9B00B9191C /* Build configuration list for PBXNativeTarget "TraceDemo" */ = {
			isa = XCConfigurationList;
			buildConfigurations = (
				9985160C27CA1C9B00B9191C /* Debug */,
				9985160D27CA1C9B00B9191C /* Release */,
			);
			defaultConfigurationIsVisible = 0;
			defaultConfigurationName = Release;
		};
/* End XCConfigurationList section */
	};
	rootObject = 998515EA27CA1C9A00B9191C /* Project object */;
}
