// !$*UTF8*$!
{
	archiveVersion = 1;
	classes = {
	};
	objectVersion = 50;
	objects = {

/* Begin PBXBuildFile section */
		6A752B2026C5593D0051E540 /* AppDelegate.m in Sources */ = {isa = PBXBuildFile; fileRef = 6A752B1F26C5593D0051E540 /* AppDelegate.m */; };
		6A752B2326C5593D0051E540 /* SceneDelegate.m in Sources */ = {isa = PBXBuildFile; fileRef = 6A752B2226C5593D0051E540 /* SceneDelegate.m */; };
		6A752B2626C5593D0051E540 /* ViewController.m in Sources */ = {isa = PBXBuildFile; fileRef = 6A752B2526C5593D0051E540 /* ViewController.m */; };
		6A752B2926C5593D0051E540 /* Main.storyboard in Resources */ = {isa = PBXBuildFile; fileRef = 6A752B2726C5593D0051E540 /* Main.storyboard */; };
		6A752B2B26C5593F0051E540 /* Assets.xcassets in Resources */ = {isa = PBXBuildFile; fileRef = 6A752B2A26C5593F0051E540 /* Assets.xcassets */; };
		6A752B2E26C5593F0051E540 /* LaunchScreen.storyboard in Resources */ = {isa = PBXBuildFile; fileRef = 6A752B2C26C5593F0051E540 /* LaunchScreen.storyboard */; };
		6A752B3126C5593F0051E540 /* main.m in Sources */ = {isa = PBXBuildFile; fileRef = 6A752B3026C5593F0051E540 /* main.m */; };
		6A752B3B26C5593F0051E540 /* demoTests.m in Sources */ = {isa = PBXBuildFile; fileRef = 6A752B3A26C5593F0051E540 /* demoTests.m */; };
		6A752B4626C5593F0051E540 /* demoUITests.m in Sources */ = {isa = PBXBuildFile; fileRef = 6A752B4526C5593F0051E540 /* demoUITests.m */; };
		6A752B5526C7F33F0051E540 /* LGPerson.m in Sources */ = {isa = PBXBuildFile; fileRef = 6A752B5426C7F33F0051E540 /* LGPerson.m */; };
/* End PBXBuildFile section */

/* Begin PBXContainerItemProxy section */
		6A752B3726C5593F0051E540 /* PBXContainerItemProxy */ = {
			isa = PBXContainerItemProxy;
			containerPortal = 6A752B1326C5593D0051E540 /* Project object */;
			proxyType = 1;
			remoteGlobalIDString = 6A752B1A26C5593D0051E540;
			remoteInfo = demo;
		};
		6A752B4226C5593F0051E540 /* PBXContainerItemProxy */ = {
			isa = PBXContainerItemProxy;
			containerPortal = 6A752B1326C5593D0051E540 /* Project object */;
			proxyType = 1;
			remoteGlobalIDString = 6A752B1A26C5593D0051E540;
			remoteInfo = demo;
		};
/* End PBXContainerItemProxy section */

/* Begin PBXFileReference section */
		6A752B1B26C5593D0051E540 /* demo.app */ = {isa = PBXFileReference; explicitFileType = wrapper.application; includeInIndex = 0; path = demo.app; sourceTree = BUILT_PRODUCTS_DIR; };
		6A752B1E26C5593D0051E540 /* AppDelegate.h */ = {isa = PBXFileReference; lastKnownFileType = sourcecode.c.h; path = AppDelegate.h; sourceTree = "<group>"; };
		6A752B1F26C5593D0051E540 /* AppDelegate.m */ = {isa = PBXFileReference; lastKnownFileType = sourcecode.c.objc; path = AppDelegate.m; sourceTree = "<group>"; };
		6A752B2126C5593D0051E540 /* SceneDelegate.h */ = {isa = PBXFileReference; lastKnownFileType = sourcecode.c.h; path = SceneDelegate.h; sourceTree = "<group>"; };
		6A752B2226C5593D0051E540 /* SceneDelegate.m */ = {isa = PBXFileReference; lastKnownFileType = sourcecode.c.objc; path = SceneDelegate.m; sourceTree = "<group>"; };
		6A752B2426C5593D0051E540 /* ViewController.h */ = {isa = PBXFileReference; lastKnownFileType = sourcecode.c.h; path = ViewController.h; sourceTree = "<group>"; };
		6A752B2526C5593D0051E540 /* ViewController.m */ = {isa = PBXFileReference; lastKnownFileType = sourcecode.c.objc; path = ViewController.m; sourceTree = "<group>"; };
		6A752B2826C5593D0051E540 /* Base */ = {isa = PBXFileReference; lastKnownFileType = file.storyboard; name = Base; path = Base.lproj/Main.storyboard; sourceTree = "<group>"; };
		6A752B2A26C5593F0051E540 /* Assets.xcassets */ = {isa = PBXFileReference; lastKnownFileType = folder.assetcatalog; path = Assets.xcassets; sourceTree = "<group>"; };
		6A752B2D26C5593F0051E540 /* Base */ = {isa = PBXFileReference; lastKnownFileType = file.storyboard; name = Base; path = Base.lproj/LaunchScreen.storyboard; sourceTree = "<group>"; };
		6A752B2F26C5593F0051E540 /* Info.plist */ = {isa = PBXFileReference; lastKnownFileType = text.plist.xml; path = Info.plist; sourceTree = "<group>"; };
		6A752B3026C5593F0051E540 /* main.m */ = {isa = PBXFileReference; lastKnownFileType = sourcecode.c.objc; path = main.m; sourceTree = "<group>"; };
		6A752B3626C5593F0051E540 /* demoTests.xctest */ = {isa = PBXFileReference; explicitFileType = wrapper.cfbundle; includeInIndex = 0; path = demoTests.xctest; sourceTree = BUILT_PRODUCTS_DIR; };
		6A752B3A26C5593F0051E540 /* demoTests.m */ = {isa = PBXFileReference; lastKnownFileType = sourcecode.c.objc; path = demoTests.m; sourceTree = "<group>"; };
		6A752B3C26C5593F0051E540 /* Info.plist */ = {isa = PBXFileReference; lastKnownFileType = text.plist.xml; path = Info.plist; sourceTree = "<group>"; };
		6A752B4126C5593F0051E540 /* demoUITests.xctest */ = {isa = PBXFileReference; explicitFileType = wrapper.cfbundle; includeInIndex = 0; path = demoUITests.xctest; sourceTree = BUILT_PRODUCTS_DIR; };
		6A752B4526C5593F0051E540 /* demoUITests.m */ = {isa = PBXFileReference; lastKnownFileType = sourcecode.c.objc; path = demoUITests.m; sourceTree = "<group>"; };
		6A752B4726C5593F0051E540 /* Info.plist */ = {isa = PBXFileReference; lastKnownFileType = text.plist.xml; path = Info.plist; sourceTree = "<group>"; };
		6A752B5326C7F33F0051E540 /* LGPerson.h */ = {isa = PBXFileReference; lastKnownFileType = sourcecode.c.h; path = LGPerson.h; sourceTree = "<group>"; };
		6A752B5426C7F33F0051E540 /* LGPerson.m */ = {isa = PBXFileReference; lastKnownFileType = sourcecode.c.objc; path = LGPerson.m; sourceTree = "<group>"; };
/* End PBXFileReference section */

/* Begin PBXFrameworksBuildPhase section */
		6A752B1826C5593D0051E540 /* Frameworks */ = {
			isa = PBXFrameworksBuildPhase;
			buildActionMask = 2147483647;
			files = (
			);
			runOnlyForDeploymentPostprocessing = 0;
		};
		6A752B3326C5593F0051E540 /* Frameworks */ = {
			isa = PBXFrameworksBuildPhase;
			buildActionMask = 2147483647;
			files = (
			);
			runOnlyForDeploymentPostprocessing = 0;
		};
		6A752B3E26C5593F0051E540 /* Frameworks */ = {
			isa = PBXFrameworksBuildPhase;
			buildActionMask = 2147483647;
			files = (
			);
			runOnlyForDeploymentPostprocessing = 0;
		};
/* End PBXFrameworksBuildPhase section */

/* Begin PBXGroup section */
		6A752B1226C5593D0051E540 = {
			isa = PBXGroup;
			children = (
				6A752B1D26C5593D0051E540 /* demo */,
				6A752B3926C5593F0051E540 /* demoTests */,
				6A752B4426C5593F0051E540 /* demoUITests */,
				6A752B1C26C5593D0051E540 /* Products */,
			);
			sourceTree = "<group>";
		};
		6A752B1C26C5593D0051E540 /* Products */ = {
			isa = PBXGroup;
			children = (
				6A752B1B26C5593D0051E540 /* demo.app */,
				6A752B3626C5593F0051E540 /* demoTests.xctest */,
				6A752B4126C5593F0051E540 /* demoUITests.xctest */,
			);
			name = Products;
			sourceTree = "<group>";
		};
		6A752B1D26C5593D0051E540 /* demo */ = {
			isa = PBXGroup;
			children = (
				6A752B1E26C5593D0051E540 /* AppDelegate.h */,
				6A752B1F26C5593D0051E540 /* AppDelegate.m */,
				6A752B2126C5593D0051E540 /* SceneDelegate.h */,
				6A752B2226C5593D0051E540 /* SceneDelegate.m */,
				6A752B2426C5593D0051E540 /* ViewController.h */,
				6A752B2526C5593D0051E540 /* ViewController.m */,
				6A752B2726C5593D0051E540 /* Main.storyboard */,
				6A752B2A26C5593F0051E540 /* Assets.xcassets */,
				6A752B2C26C5593F0051E540 /* LaunchScreen.storyboard */,
				6A752B2F26C5593F0051E540 /* Info.plist */,
				6A752B3026C5593F0051E540 /* main.m */,
				6A752B5326C7F33F0051E540 /* LGPerson.h */,
				6A752B5426C7F33F0051E540 /* LGPerson.m */,
			);
			path = demo;
			sourceTree = "<group>";
		};
		6A752B3926C5593F0051E540 /* demoTests */ = {
			isa = PBXGroup;
			children = (
				6A752B3A26C5593F0051E540 /* demoTests.m */,
				6A752B3C26C5593F0051E540 /* Info.plist */,
			);
			path = demoTests;
			sourceTree = "<group>";
		};
		6A752B4426C5593F0051E540 /* demoUITests */ = {
			isa = PBXGroup;
			children = (
				6A752B4526C5593F0051E540 /* demoUITests.m */,
				6A752B4726C5593F0051E540 /* Info.plist */,
			);
			path = demoUITests;
			sourceTree = "<group>";
		};
/* End PBXGroup section */

/* Begin PBXNativeTarget section */
		6A752B1A26C5593D0051E540 /* demo */ = {
			isa = PBXNativeTarget;
			buildConfigurationList = 6A752B4A26C5593F0051E540 /* Build configuration list for PBXNativeTarget "demo" */;
			buildPhases = (
				6A752B1726C5593D0051E540 /* Sources */,
				6A752B1826C5593D0051E540 /* Frameworks */,
				6A752B1926C5593D0051E540 /* Resources */,
			);
			buildRules = (
			);
			dependencies = (
			);
			name = demo;
			productName = demo;
			productReference = 6A752B1B26C5593D0051E540 /* demo.app */;
			productType = "com.apple.product-type.application";
		};
		6A752B3526C5593F0051E540 /* demoTests */ = {
			isa = PBXNativeTarget;
			buildConfigurationList = 6A752B4D26C5593F0051E540 /* Build configuration list for PBXNativeTarget "demoTests" */;
			buildPhases = (
				6A752B3226C5593F0051E540 /* Sources */,
				6A752B3326C5593F0051E540 /* Frameworks */,
				6A752B3426C5593F0051E540 /* Resources */,
			);
			buildRules = (
			);
			dependencies = (
				6A752B3826C5593F0051E540 /* PBXTargetDependency */,
			);
			name = demoTests;
			productName = demoTests;
			productReference = 6A752B3626C5593F0051E540 /* demoTests.xctest */;
			productType = "com.apple.product-type.bundle.unit-test";
		};
		6A752B4026C5593F0051E540 /* demoUITests */ = {
			isa = PBXNativeTarget;
			buildConfigurationList = 6A752B5026C5593F0051E540 /* Build configuration list for PBXNativeTarget "demoUITests" */;
			buildPhases = (
				6A752B3D26C5593F0051E540 /* Sources */,
				6A752B3E26C5593F0051E540 /* Frameworks */,
				6A752B3F26C5593F0051E540 /* Resources */,
			);
			buildRules = (
			);
			dependencies = (
				6A752B4326C5593F0051E540 /* PBXTargetDependency */,
			);
			name = demoUITests;
			productName = demoUITests;
			productReference = 6A752B4126C5593F0051E540 /* demoUITests.xctest */;
			productType = "com.apple.product-type.bundle.ui-testing";
		};
/* End PBXNativeTarget section */

/* Begin PBXProject section */
		6A752B1326C5593D0051E540 /* Project object */ = {
			isa = PBXProject;
			attributes = {
				LastUpgradeCheck = 1140;
				ORGANIZATIONNAME = chenghao;
				TargetAttributes = {
					6A752B1A26C5593D0051E540 = {
						CreatedOnToolsVersion = 11.4;
					};
					6A752B3526C5593F0051E540 = {
						CreatedOnToolsVersion = 11.4;
						TestTargetID = 6A752B1A26C5593D0051E540;
					};
					6A752B4026C5593F0051E540 = {
						CreatedOnToolsVersion = 11.4;
						TestTargetID = 6A752B1A26C5593D0051E540;
					};
				};
			};
			buildConfigurationList = 6A752B1626C5593D0051E540 /* Build configuration list for PBXProject "demo" */;
			compatibilityVersion = "Xcode 9.3";
			developmentRegion = en;
			hasScannedForEncodings = 0;
			knownRegions = (
				en,
				Base,
			);
			mainGroup = 6A752B1226C5593D0051E540;
			productRefGroup = 6A752B1C26C5593D0051E540 /* Products */;
			projectDirPath = "";
			projectRoot = "";
			targets = (
				6A752B1A26C5593D0051E540 /* demo */,
				6A752B3526C5593F0051E540 /* demoTests */,
				6A752B4026C5593F0051E540 /* demoUITests */,
			);
		};
/* End PBXProject section */

/* Begin PBXResourcesBuildPhase section */
		6A752B1926C5593D0051E540 /* Resources */ = {
			isa = PBXResourcesBuildPhase;
			buildActionMask = 2147483647;
			files = (
				6A752B2E26C5593F0051E540 /* LaunchScreen.storyboard in Resources */,
				6A752B2B26C5593F0051E540 /* Assets.xcassets in Resources */,
				6A752B2926C5593D0051E540 /* Main.storyboard in Resources */,
			);
			runOnlyForDeploymentPostprocessing = 0;
		};
		6A752B3426C5593F0051E540 /* Resources */ = {
			isa = PBXResourcesBuildPhase;
			buildActionMask = 2147483647;
			files = (
			);
			runOnlyForDeploymentPostprocessing = 0;
		};
		6A752B3F26C5593F0051E540 /* Resources */ = {
			isa = PBXResourcesBuildPhase;
			buildActionMask = 2147483647;
			files = (
			);
			runOnlyForDeploymentPostprocessing = 0;
		};
/* End PBXResourcesBuildPhase section */

/* Begin PBXSourcesBuildPhase section */
		6A752B1726C5593D0051E540 /* Sources */ = {
			isa = PBXSourcesBuildPhase;
			buildActionMask = 2147483647;
			files = (
				6A752B2626C5593D0051E540 /* ViewController.m in Sources */,
				6A752B2026C5593D0051E540 /* AppDelegate.m in Sources */,
				6A752B5526C7F33F0051E540 /* LGPerson.m in Sources */,
				6A752B3126C5593F0051E540 /* main.m in Sources */,
				6A752B2326C5593D0051E540 /* SceneDelegate.m in Sources */,
			);
			runOnlyForDeploymentPostprocessing = 0;
		};
		6A752B3226C5593F0051E540 /* Sources */ = {
			isa = PBXSourcesBuildPhase;
			buildActionMask = 2147483647;
			files = (
				6A752B3B26C5593F0051E540 /* demoTests.m in Sources */,
			);
			runOnlyForDeploymentPostprocessing = 0;
		};
		6A752B3D26C5593F0051E540 /* Sources */ = {
			isa = PBXSourcesBuildPhase;
			buildActionMask = 2147483647;
			files = (
				6A752B4626C5593F0051E540 /* demoUITests.m in Sources */,
			);
			runOnlyForDeploymentPostprocessing = 0;
		};
/* End PBXSourcesBuildPhase section */

/* Begin PBXTargetDependency section */
		6A752B3826C5593F0051E540 /* PBXTargetDependency */ = {
			isa = PBXTargetDependency;
			target = 6A752B1A26C5593D0051E540 /* demo */;
			targetProxy = 6A752B3726C5593F0051E540 /* PBXContainerItemProxy */;
		};
		6A752B4326C5593F0051E540 /* PBXTargetDependency */ = {
			isa = PBXTargetDependency;
			target = 6A752B1A26C5593D0051E540 /* demo */;
			targetProxy = 6A752B4226C5593F0051E540 /* PBXContainerItemProxy */;
		};
/* End PBXTargetDependency section */

/* Begin PBXVariantGroup section */
		6A752B2726C5593D0051E540 /* Main.storyboard */ = {
			isa = PBXVariantGroup;
			children = (
				6A752B2826C5593D0051E540 /* Base */,
			);
			name = Main.storyboard;
			sourceTree = "<group>";
		};
		6A752B2C26C5593F0051E540 /* LaunchScreen.storyboard */ = {
			isa = PBXVariantGroup;
			children = (
				6A752B2D26C5593F0051E540 /* Base */,
			);
			name = LaunchScreen.storyboard;
			sourceTree = "<group>";
		};
/* End PBXVariantGroup section */

/* Begin XCBuildConfiguration section */
		6A752B4826C5593F0051E540 /* Debug */ = {
			isa = XCBuildConfiguration;
			buildSettings = {
				ALWAYS_SEARCH_USER_PATHS = NO;
				CLANG_ANALYZER_NONNULL = YES;
				CLANG_ANALYZER_NUMBER_OBJECT_CONVERSION = YES_AGGRESSIVE;
				CLANG_CXX_LANGUAGE_STANDARD = "gnu++14";
				CLANG_CXX_LIBRARY = "libc++";
				CLANG_ENABLE_MODULES = YES;
				CLANG_ENABLE_OBJC_ARC = YES;
				CLANG_ENABLE_OBJC_WEAK = YES;
				CLANG_WARN_BLOCK_CAPTURE_AUTORELEASING = YES;
				CLANG_WARN_BOOL_CONVERSION = YES;
				CLANG_WARN_COMMA = YES;
				CLANG_WARN_CONSTANT_CONVERSION = YES;
				CLANG_WARN_DEPRECATED_OBJC_IMPLEMENTATIONS = YES;
				CLANG_WARN_DIRECT_OBJC_ISA_USAGE = YES_ERROR;
				CLANG_WARN_DOCUMENTATION_COMMENTS = YES;
				CLANG_WARN_EMPTY_BODY = YES;
				CLANG_WARN_ENUM_CONVERSION = YES;
				CLANG_WARN_INFINITE_RECURSION = YES;
				CLANG_WARN_INT_CONVERSION = YES;
				CLANG_WARN_NON_LITERAL_NULL_CONVERSION = YES;
				CLANG_WARN_OBJC_IMPLICIT_RETAIN_SELF = YES;
				CLANG_WARN_OBJC_LITERAL_CONVERSION = YES;
				CLANG_WARN_OBJC_ROOT_CLASS = YES_ERROR;
				CLANG_WARN_RANGE_LOOP_ANALYSIS = YES;
				CLANG_WARN_STRICT_PROTOTYPES = YES;
				CLANG_WARN_SUSPICIOUS_MOVE = YES;
				CLANG_WARN_UNGUARDED_AVAILABILITY = YES_AGGRESSIVE;
				CLANG_WARN_UNREACHABLE_CODE = YES;
				CLANG_WARN__DUPLICATE_METHOD_MATCH = YES;
				COPY_PHASE_STRIP = NO;
				DEBUG_INFORMATION_FORMAT = dwarf;
				ENABLE_STRICT_OBJC_MSGSEND = YES;
				ENABLE_TESTABILITY = YES;
				GCC_C_LANGUAGE_STANDARD = gnu11;
				GCC_DYNAMIC_NO_PIC = NO;
				GCC_NO_COMMON_BLOCKS = YES;
				GCC_OPTIMIZATION_LEVEL = 0;
				GCC_PREPROCESSOR_DEFINITIONS = (
					"DEBUG=1",
					"$(inherited)",
				);
				GCC_WARN_64_TO_32_BIT_CONVERSION = YES;
				GCC_WARN_ABOUT_RETURN_TYPE = YES_ERROR;
				GCC_WARN_UNDECLARED_SELECTOR = YES;
				GCC_WARN_UNINITIALIZED_AUTOS = YES_AGGRESSIVE;
				GCC_WARN_UNUSED_FUNCTION = YES;
				GCC_WARN_UNUSED_VARIABLE = YES;
				IPHONEOS_DEPLOYMENT_TARGET = 13.4;
				MTL_ENABLE_DEBUG_INFO = INCLUDE_SOURCE;
				MTL_FAST_MATH = YES;
				ONLY_ACTIVE_ARCH = YES;
				SDKROOT = iphoneos;
			};
			name = Debug;
		};
		6A752B4926C5593F0051E540 /* Release */ = {
			isa = XCBuildConfiguration;
			buildSettings = {
				ALWAYS_SEARCH_USER_PATHS = NO;
				CLANG_ANALYZER_NONNULL = YES;
				CLANG_ANALYZER_NUMBER_OBJECT_CONVERSION = YES_AGGRESSIVE;
				CLANG_CXX_LANGUAGE_STANDARD = "gnu++14";
				CLANG_CXX_LIBRARY = "libc++";
				CLANG_ENABLE_MODULES = YES;
				CLANG_ENABLE_OBJC_ARC = YES;
				CLANG_ENABLE_OBJC_WEAK = YES;
				CLANG_WARN_BLOCK_CAPTURE_AUTORELEASING = YES;
				CLANG_WARN_BOOL_CONVERSION = YES;
				CLANG_WARN_COMMA = YES;
				CLANG_WARN_CONSTANT_CONVERSION = YES;
				CLANG_WARN_DEPRECATED_OBJC_IMPLEMENTATIONS = YES;
				CLANG_WARN_DIRECT_OBJC_ISA_USAGE = YES_ERROR;
				CLANG_WARN_DOCUMENTATION_COMMENTS = YES;
				CLANG_WARN_EMPTY_BODY = YES;
				CLANG_WARN_ENUM_CONVERSION = YES;
				CLANG_WARN_INFINITE_RECURSION = YES;
				CLANG_WARN_INT_CONVERSION = YES;
				CLANG_WARN_NON_LITERAL_NULL_CONVERSION = YES;
				CLANG_WARN_OBJC_IMPLICIT_RETAIN_SELF = YES;
				CLANG_WARN_OBJC_LITERAL_CONVERSION = YES;
				CLANG_WARN_OBJC_ROOT_CLASS = YES_ERROR;
				CLANG_WARN_RANGE_LOOP_ANALYSIS = YES;
				CLANG_WARN_STRICT_PROTOTYPES = YES;
				CLANG_WARN_SUSPICIOUS_MOVE = YES;
				CLANG_WARN_UNGUARDED_AVAILABILITY = YES_AGGRESSIVE;
				CLANG_WARN_UNREACHABLE_CODE = YES;
				CLANG_WARN__DUPLICATE_METHOD_MATCH = YES;
				COPY_PHASE_STRIP = NO;
				DEBUG_INFORMATION_FORMAT = "dwarf-with-dsym";
				ENABLE_NS_ASSERTIONS = NO;
				ENABLE_STRICT_OBJC_MSGSEND = YES;
				GCC_C_LANGUAGE_STANDARD = gnu11;
				GCC_NO_COMMON_BLOCKS = YES;
				GCC_WARN_64_TO_32_BIT_CONVERSION = YES;
				GCC_WARN_ABOUT_RETURN_TYPE = YES_ERROR;
				GCC_WARN_UNDECLARED_SELECTOR = YES;
				GCC_WARN_UNINITIALIZED_AUTOS = YES_AGGRESSIVE;
				GCC_WARN_UNUSED_FUNCTION = YES;
				GCC_WARN_UNUSED_VARIABLE = YES;
				IPHONEOS_DEPLOYMENT_TARGET = 13.4;
				MTL_ENABLE_DEBUG_INFO = NO;
				MTL_FAST_MATH = YES;
				SDKROOT = iphoneos;
				VALIDATE_PRODUCT = YES;
			};
			name = Release;
		};
		6A752B4B26C5593F0051E540 /* Debug */ = {
			isa = XCBuildConfiguration;
			buildSettings = {
				ASSETCATALOG_COMPILER_APPICON_NAME = AppIcon;
				CODE_SIGN_STYLE = Automatic;
				DEVELOPMENT_TEAM = 4FJAGRL7Z5;
				INFOPLIST_FILE = demo/Info.plist;
				LD_RUNPATH_SEARCH_PATHS = (
					"$(inherited)",
					"@executable_path/Frameworks",
				);
				PRODUCT_BUNDLE_IDENTIFIER = com.xkw.demo;
				PRODUCT_NAME = "$(TARGET_NAME)";
				TARGETED_DEVICE_FAMILY = "1,2";
			};
			name = Debug;
		};
		6A752B4C26C5593F0051E540 /* Release */ = {
			isa = XCBuildConfiguration;
			buildSettings = {
				ASSETCATALOG_COMPILER_APPICON_NAME = AppIcon;
				CODE_SIGN_STYLE = Automatic;
				DEVELOPMENT_TEAM = 4FJAGRL7Z5;
				INFOPLIST_FILE = demo/Info.plist;
				LD_RUNPATH_SEARCH_PATHS = (
					"$(inherited)",
					"@executable_path/Frameworks",
				);
				PRODUCT_BUNDLE_IDENTIFIER = com.xkw.demo;
				PRODUCT_NAME = "$(TARGET_NAME)";
				TARGETED_DEVICE_FAMILY = "1,2";
			};
			name = Release;
		};
		6A752B4E26C5593F0051E540 /* Debug */ = {
			isa = XCBuildConfiguration;
			buildSettings = {
				BUNDLE_LOADER = "$(TEST_HOST)";
				CODE_SIGN_STYLE = Automatic;
				DEVELOPMENT_TEAM = 4FJAGRL7Z5;
				INFOPLIST_FILE = demoTests/Info.plist;
				IPHONEOS_DEPLOYMENT_TARGET = 13.4;
				LD_RUNPATH_SEARCH_PATHS = (
					"$(inherited)",
					"@executable_path/Frameworks",
					"@loader_path/Frameworks",
				);
				PRODUCT_BUNDLE_IDENTIFIER = com.xkw.demoTests;
				PRODUCT_NAME = "$(TARGET_NAME)";
				TARGETED_DEVICE_FAMILY = "1,2";
				TEST_HOST = "$(BUILT_PRODUCTS_DIR)/demo.app/demo";
			};
			name = Debug;
		};
		6A752B4F26C5593F0051E540 /* Release */ = {
			isa = XCBuildConfiguration;
			buildSettings = {
				BUNDLE_LOADER = "$(TEST_HOST)";
				CODE_SIGN_STYLE = Automatic;
				DEVELOPMENT_TEAM = 4FJAGRL7Z5;
				INFOPLIST_FILE = demoTests/Info.plist;
				IPHONEOS_DEPLOYMENT_TARGET = 13.4;
				LD_RUNPATH_SEARCH_PATHS = (
					"$(inherited)",
					"@executable_path/Frameworks",
					"@loader_path/Frameworks",
				);
				PRODUCT_BUNDLE_IDENTIFIER = com.xkw.demoTests;
				PRODUCT_NAME = "$(TARGET_NAME)";
				TARGETED_DEVICE_FAMILY = "1,2";
				TEST_HOST = "$(BUILT_PRODUCTS_DIR)/demo.app/demo";
			};
			name = Release;
		};
		6A752B5126C5593F0051E540 /* Debug */ = {
			isa = XCBuildConfiguration;
			buildSettings = {
				CODE_SIGN_STYLE = Automatic;
				DEVELOPMENT_TEAM = 4FJAGRL7Z5;
				INFOPLIST_FILE = demoUITests/Info.plist;
				LD_RUNPATH_SEARCH_PATHS = (
					"$(inherited)",
					"@executable_path/Frameworks",
					"@loader_path/Frameworks",
				);
				PRODUCT_BUNDLE_IDENTIFIER = com.xkw.demoUITests;
				PRODUCT_NAME = "$(TARGET_NAME)";
				TARGETED_DEVICE_FAMILY = "1,2";
				TEST_TARGET_NAME = demo;
			};
			name = Debug;
		};
		6A752B5226C5593F0051E540 /* Release */ = {
			isa = XCBuildConfiguration;
			buildSettings = {
				CODE_SIGN_STYLE = Automatic;
				DEVELOPMENT_TEAM = 4FJAGRL7Z5;
				INFOPLIST_FILE = demoUITests/Info.plist;
				LD_RUNPATH_SEARCH_PATHS = (
					"$(inherited)",
					"@executable_path/Frameworks",
					"@loader_path/Frameworks",
				);
				PRODUCT_BUNDLE_IDENTIFIER = com.xkw.demoUITests;
				PRODUCT_NAME = "$(TARGET_NAME)";
				TARGETED_DEVICE_FAMILY = "1,2";
				TEST_TARGET_NAME = demo;
			};
			name = Release;
		};
/* End XCBuildConfiguration section */

/* Begin XCConfigurationList section */
		6A752B1626C5593D0051E540 /* Build configuration list for PBXProject "demo" */ = {
			isa = XCConfigurationList;
			buildConfigurations = (
				6A752B4826C5593F0051E540 /* Debug */,
				6A752B4926C5593F0051E540 /* Release */,
			);
			defaultConfigurationIsVisible = 0;
			defaultConfigurationName = Release;
		};
		6A752B4A26C5593F0051E540 /* Build configuration list for PBXNativeTarget "demo" */ = {
			isa = XCConfigurationList;
			buildConfigurations = (
				6A752B4B26C5593F0051E540 /* Debug */,
				6A752B4C26C5593F0051E540 /* Release */,
			);
			defaultConfigurationIsVisible = 0;
			defaultConfigurationName = Release;
		};
		6A752B4D26C5593F0051E540 /* Build configuration list for PBXNativeTarget "demoTests" */ = {
			isa = XCConfigurationList;
			buildConfigurations = (
				6A752B4E26C5593F0051E540 /* Debug */,
				6A752B4F26C5593F0051E540 /* Release */,
			);
			defaultConfigurationIsVisible = 0;
			defaultConfigurationName = Release;
		};
		6A752B5026C5593F0051E540 /* Build configuration list for PBXNativeTarget "demoUITests" */ = {
			isa = XCConfigurationList;
			buildConfigurations = (
				6A752B5126C5593F0051E540 /* Debug */,
				6A752B5226C5593F0051E540 /* Release */,
			);
			defaultConfigurationIsVisible = 0;
			defaultConfigurationName = Release;
		};
/* End XCConfigurationList section */
	};
	rootObject = 6A752B1326C5593D0051E540 /* Project object */;
}
