// !$*UTF8*$!
{
	archiveVersion = 1;
	classes = {
	};
	objectVersion = 55;
	objects = {

/* Begin PBXBuildFile section */
		6AAFBD4F28CB1FD200DE6257 /* AppDelegate.swift in Sources */ = {isa = PBXBuildFile; fileRef = 6AAFBD4E28CB1FD200DE6257 /* AppDelegate.swift */; };
		6AAFBD5128CB1FD200DE6257 /* SceneDelegate.swift in Sources */ = {isa = PBXBuildFile; fileRef = 6AAFBD5028CB1FD200DE6257 /* SceneDelegate.swift */; };
		6AAFBD5328CB1FD200DE6257 /* ViewController.swift in Sources */ = {isa = PBXBuildFile; fileRef = 6AAFBD5228CB1FD200DE6257 /* ViewController.swift */; };
		6AAFBD5628CB1FD200DE6257 /* Main.storyboard in Resources */ = {isa = PBXBuildFile; fileRef = 6AAFBD5428CB1FD200DE6257 /* Main.storyboard */; };
		6AAFBD5828CB1FD300DE6257 /* Assets.xcassets in Resources */ = {isa = PBXBuildFile; fileRef = 6AAFBD5728CB1FD300DE6257 /* Assets.xcassets */; };
		6AAFBD5B28CB1FD300DE6257 /* LaunchScreen.storyboard in Resources */ = {isa = PBXBuildFile; fileRef = 6AAFBD5928CB1FD300DE6257 /* LaunchScreen.storyboard */; };
		6AAFBD6628CB1FD400DE6257 /* CoreAnimationTests.swift in Sources */ = {isa = PBXBuildFile; fileRef = 6AAFBD6528CB1FD400DE6257 /* CoreAnimationTests.swift */; };
		6AAFBD7028CB1FD400DE6257 /* CoreAnimationUITests.swift in Sources */ = {isa = PBXBuildFile; fileRef = 6AAFBD6F28CB1FD400DE6257 /* CoreAnimationUITests.swift */; };
		6AAFBD7228CB1FD400DE6257 /* CoreAnimationUITestsLaunchTests.swift in Sources */ = {isa = PBXBuildFile; fileRef = 6AAFBD7128CB1FD400DE6257 /* CoreAnimationUITestsLaunchTests.swift */; };
/* End PBXBuildFile section */

/* Begin PBXContainerItemProxy section */
		6AAFBD6228CB1FD400DE6257 /* PBXContainerItemProxy */ = {
			isa = PBXContainerItemProxy;
			containerPortal = 6AAFBD4328CB1FD200DE6257 /* Project object */;
			proxyType = 1;
			remoteGlobalIDString = 6AAFBD4A28CB1FD200DE6257;
			remoteInfo = CoreAnimation;
		};
		6AAFBD6C28CB1FD400DE6257 /* PBXContainerItemProxy */ = {
			isa = PBXContainerItemProxy;
			containerPortal = 6AAFBD4328CB1FD200DE6257 /* Project object */;
			proxyType = 1;
			remoteGlobalIDString = 6AAFBD4A28CB1FD200DE6257;
			remoteInfo = CoreAnimation;
		};
/* End PBXContainerItemProxy section */

/* Begin PBXFileReference section */
		6AAFBD4B28CB1FD200DE6257 /* CoreAnimation.app */ = {isa = PBXFileReference; explicitFileType = wrapper.application; includeInIndex = 0; path = CoreAnimation.app; sourceTree = BUILT_PRODUCTS_DIR; };
		6AAFBD4E28CB1FD200DE6257 /* AppDelegate.swift */ = {isa = PBXFileReference; lastKnownFileType = sourcecode.swift; path = AppDelegate.swift; sourceTree = "<group>"; };
		6AAFBD5028CB1FD200DE6257 /* SceneDelegate.swift */ = {isa = PBXFileReference; lastKnownFileType = sourcecode.swift; path = SceneDelegate.swift; sourceTree = "<group>"; };
		6AAFBD5228CB1FD200DE6257 /* ViewController.swift */ = {isa = PBXFileReference; lastKnownFileType = sourcecode.swift; path = ViewController.swift; sourceTree = "<group>"; };
		6AAFBD5528CB1FD200DE6257 /* Base */ = {isa = PBXFileReference; lastKnownFileType = file.storyboard; name = Base; path = Base.lproj/Main.storyboard; sourceTree = "<group>"; };
		6AAFBD5728CB1FD300DE6257 /* Assets.xcassets */ = {isa = PBXFileReference; lastKnownFileType = folder.assetcatalog; path = Assets.xcassets; sourceTree = "<group>"; };
		6AAFBD5A28CB1FD300DE6257 /* Base */ = {isa = PBXFileReference; lastKnownFileType = file.storyboard; name = Base; path = Base.lproj/LaunchScreen.storyboard; sourceTree = "<group>"; };
		6AAFBD5C28CB1FD300DE6257 /* Info.plist */ = {isa = PBXFileReference; lastKnownFileType = text.plist.xml; path = Info.plist; sourceTree = "<group>"; };
		6AAFBD6128CB1FD400DE6257 /* CoreAnimationTests.xctest */ = {isa = PBXFileReference; explicitFileType = wrapper.cfbundle; includeInIndex = 0; path = CoreAnimationTests.xctest; sourceTree = BUILT_PRODUCTS_DIR; };
		6AAFBD6528CB1FD400DE6257 /* CoreAnimationTests.swift */ = {isa = PBXFileReference; lastKnownFileType = sourcecode.swift; path = CoreAnimationTests.swift; sourceTree = "<group>"; };
		6AAFBD6B28CB1FD400DE6257 /* CoreAnimationUITests.xctest */ = {isa = PBXFileReference; explicitFileType = wrapper.cfbundle; includeInIndex = 0; path = CoreAnimationUITests.xctest; sourceTree = BUILT_PRODUCTS_DIR; };
		6AAFBD6F28CB1FD400DE6257 /* CoreAnimationUITests.swift */ = {isa = PBXFileReference; lastKnownFileType = sourcecode.swift; path = CoreAnimationUITests.swift; sourceTree = "<group>"; };
		6AAFBD7128CB1FD400DE6257 /* CoreAnimationUITestsLaunchTests.swift */ = {isa = PBXFileReference; lastKnownFileType = sourcecode.swift; path = CoreAnimationUITestsLaunchTests.swift; sourceTree = "<group>"; };
/* End PBXFileReference section */

/* Begin PBXFrameworksBuildPhase section */
		6AAFBD4828CB1FD200DE6257 /* Frameworks */ = {
			isa = PBXFrameworksBuildPhase;
			buildActionMask = 2147483647;
			files = (
			);
			runOnlyForDeploymentPostprocessing = 0;
		};
		6AAFBD5E28CB1FD400DE6257 /* Frameworks */ = {
			isa = PBXFrameworksBuildPhase;
			buildActionMask = 2147483647;
			files = (
			);
			runOnlyForDeploymentPostprocessing = 0;
		};
		6AAFBD6828CB1FD400DE6257 /* Frameworks */ = {
			isa = PBXFrameworksBuildPhase;
			buildActionMask = 2147483647;
			files = (
			);
			runOnlyForDeploymentPostprocessing = 0;
		};
/* End PBXFrameworksBuildPhase section */

/* Begin PBXGroup section */
		6AAFBD4228CB1FD200DE6257 = {
			isa = PBXGroup;
			children = (
				6AAFBD4D28CB1FD200DE6257 /* CoreAnimation */,
				6AAFBD6428CB1FD400DE6257 /* CoreAnimationTests */,
				6AAFBD6E28CB1FD400DE6257 /* CoreAnimationUITests */,
				6AAFBD4C28CB1FD200DE6257 /* Products */,
			);
			sourceTree = "<group>";
		};
		6AAFBD4C28CB1FD200DE6257 /* Products */ = {
			isa = PBXGroup;
			children = (
				6AAFBD4B28CB1FD200DE6257 /* CoreAnimation.app */,
				6AAFBD6128CB1FD400DE6257 /* CoreAnimationTests.xctest */,
				6AAFBD6B28CB1FD400DE6257 /* CoreAnimationUITests.xctest */,
			);
			name = Products;
			sourceTree = "<group>";
		};
		6AAFBD4D28CB1FD200DE6257 /* CoreAnimation */ = {
			isa = PBXGroup;
			children = (
				6AAFBD4E28CB1FD200DE6257 /* AppDelegate.swift */,
				6AAFBD5028CB1FD200DE6257 /* SceneDelegate.swift */,
				6AAFBD5228CB1FD200DE6257 /* ViewController.swift */,
				6AAFBD5428CB1FD200DE6257 /* Main.storyboard */,
				6AAFBD5728CB1FD300DE6257 /* Assets.xcassets */,
				6AAFBD5928CB1FD300DE6257 /* LaunchScreen.storyboard */,
				6AAFBD5C28CB1FD300DE6257 /* Info.plist */,
			);
			path = CoreAnimation;
			sourceTree = "<group>";
		};
		6AAFBD6428CB1FD400DE6257 /* CoreAnimationTests */ = {
			isa = PBXGroup;
			children = (
				6AAFBD6528CB1FD400DE6257 /* CoreAnimationTests.swift */,
			);
			path = CoreAnimationTests;
			sourceTree = "<group>";
		};
		6AAFBD6E28CB1FD400DE6257 /* CoreAnimationUITests */ = {
			isa = PBXGroup;
			children = (
				6AAFBD6F28CB1FD400DE6257 /* CoreAnimationUITests.swift */,
				6AAFBD7128CB1FD400DE6257 /* CoreAnimationUITestsLaunchTests.swift */,
			);
			path = CoreAnimationUITests;
			sourceTree = "<group>";
		};
/* End PBXGroup section */

/* Begin PBXNativeTarget section */
		6AAFBD4A28CB1FD200DE6257 /* CoreAnimation */ = {
			isa = PBXNativeTarget;
			buildConfigurationList = 6AAFBD7528CB1FD400DE6257 /* Build configuration list for PBXNativeTarget "CoreAnimation" */;
			buildPhases = (
				6AAFBD4728CB1FD200DE6257 /* Sources */,
				6AAFBD4828CB1FD200DE6257 /* Frameworks */,
				6AAFBD4928CB1FD200DE6257 /* Resources */,
			);
			buildRules = (
			);
			dependencies = (
			);
			name = CoreAnimation;
			productName = CoreAnimation;
			productReference = 6AAFBD4B28CB1FD200DE6257 /* CoreAnimation.app */;
			productType = "com.apple.product-type.application";
		};
		6AAFBD6028CB1FD400DE6257 /* CoreAnimationTests */ = {
			isa = PBXNativeTarget;
			buildConfigurationList = 6AAFBD7828CB1FD400DE6257 /* Build configuration list for PBXNativeTarget "CoreAnimationTests" */;
			buildPhases = (
				6AAFBD5D28CB1FD400DE6257 /* Sources */,
				6AAFBD5E28CB1FD400DE6257 /* Frameworks */,
				6AAFBD5F28CB1FD400DE6257 /* Resources */,
			);
			buildRules = (
			);
			dependencies = (
				6AAFBD6328CB1FD400DE6257 /* PBXTargetDependency */,
			);
			name = CoreAnimationTests;
			productName = CoreAnimationTests;
			productReference = 6AAFBD6128CB1FD400DE6257 /* CoreAnimationTests.xctest */;
			productType = "com.apple.product-type.bundle.unit-test";
		};
		6AAFBD6A28CB1FD400DE6257 /* CoreAnimationUITests */ = {
			isa = PBXNativeTarget;
			buildConfigurationList = 6AAFBD7B28CB1FD400DE6257 /* Build configuration list for PBXNativeTarget "CoreAnimationUITests" */;
			buildPhases = (
				6AAFBD6728CB1FD400DE6257 /* Sources */,
				6AAFBD6828CB1FD400DE6257 /* Frameworks */,
				6AAFBD6928CB1FD400DE6257 /* Resources */,
			);
			buildRules = (
			);
			dependencies = (
				6AAFBD6D28CB1FD400DE6257 /* PBXTargetDependency */,
			);
			name = CoreAnimationUITests;
			productName = CoreAnimationUITests;
			productReference = 6AAFBD6B28CB1FD400DE6257 /* CoreAnimationUITests.xctest */;
			productType = "com.apple.product-type.bundle.ui-testing";
		};
/* End PBXNativeTarget section */

/* Begin PBXProject section */
		6AAFBD4328CB1FD200DE6257 /* Project object */ = {
			isa = PBXProject;
			attributes = {
				BuildIndependentTargetsInParallel = 1;
				LastSwiftUpdateCheck = 1340;
				LastUpgradeCheck = 1340;
				TargetAttributes = {
					6AAFBD4A28CB1FD200DE6257 = {
						CreatedOnToolsVersion = 13.4.1;
					};
					6AAFBD6028CB1FD400DE6257 = {
						CreatedOnToolsVersion = 13.4.1;
						TestTargetID = 6AAFBD4A28CB1FD200DE6257;
					};
					6AAFBD6A28CB1FD400DE6257 = {
						CreatedOnToolsVersion = 13.4.1;
						TestTargetID = 6AAFBD4A28CB1FD200DE6257;
					};
				};
			};
			buildConfigurationList = 6AAFBD4628CB1FD200DE6257 /* Build configuration list for PBXProject "CoreAnimation" */;
			compatibilityVersion = "Xcode 13.0";
			developmentRegion = en;
			hasScannedForEncodings = 0;
			knownRegions = (
				en,
				Base,
			);
			mainGroup = 6AAFBD4228CB1FD200DE6257;
			productRefGroup = 6AAFBD4C28CB1FD200DE6257 /* Products */;
			projectDirPath = "";
			projectRoot = "";
			targets = (
				6AAFBD4A28CB1FD200DE6257 /* CoreAnimation */,
				6AAFBD6028CB1FD400DE6257 /* CoreAnimationTests */,
				6AAFBD6A28CB1FD400DE6257 /* CoreAnimationUITests */,
			);
		};
/* End PBXProject section */

/* Begin PBXResourcesBuildPhase section */
		6AAFBD4928CB1FD200DE6257 /* Resources */ = {
			isa = PBXResourcesBuildPhase;
			buildActionMask = 2147483647;
			files = (
				6AAFBD5B28CB1FD300DE6257 /* LaunchScreen.storyboard in Resources */,
				6AAFBD5828CB1FD300DE6257 /* Assets.xcassets in Resources */,
				6AAFBD5628CB1FD200DE6257 /* Main.storyboard in Resources */,
			);
			runOnlyForDeploymentPostprocessing = 0;
		};
		6AAFBD5F28CB1FD400DE6257 /* Resources */ = {
			isa = PBXResourcesBuildPhase;
			buildActionMask = 2147483647;
			files = (
			);
			runOnlyForDeploymentPostprocessing = 0;
		};
		6AAFBD6928CB1FD400DE6257 /* Resources */ = {
			isa = PBXResourcesBuildPhase;
			buildActionMask = 2147483647;
			files = (
			);
			runOnlyForDeploymentPostprocessing = 0;
		};
/* End PBXResourcesBuildPhase section */

/* Begin PBXSourcesBuildPhase section */
		6AAFBD4728CB1FD200DE6257 /* Sources */ = {
			isa = PBXSourcesBuildPhase;
			buildActionMask = 2147483647;
			files = (
				6AAFBD5328CB1FD200DE6257 /* ViewController.swift in Sources */,
				6AAFBD4F28CB1FD200DE6257 /* AppDelegate.swift in Sources */,
				6AAFBD5128CB1FD200DE6257 /* SceneDelegate.swift in Sources */,
			);
			runOnlyForDeploymentPostprocessing = 0;
		};
		6AAFBD5D28CB1FD400DE6257 /* Sources */ = {
			isa = PBXSourcesBuildPhase;
			buildActionMask = 2147483647;
			files = (
				6AAFBD6628CB1FD400DE6257 /* CoreAnimationTests.swift in Sources */,
			);
			runOnlyForDeploymentPostprocessing = 0;
		};
		6AAFBD6728CB1FD400DE6257 /* Sources */ = {
			isa = PBXSourcesBuildPhase;
			buildActionMask = 2147483647;
			files = (
				6AAFBD7228CB1FD400DE6257 /* CoreAnimationUITestsLaunchTests.swift in Sources */,
				6AAFBD7028CB1FD400DE6257 /* CoreAnimationUITests.swift in Sources */,
			);
			runOnlyForDeploymentPostprocessing = 0;
		};
/* End PBXSourcesBuildPhase section */

/* Begin PBXTargetDependency section */
		6AAFBD6328CB1FD400DE6257 /* PBXTargetDependency */ = {
			isa = PBXTargetDependency;
			target = 6AAFBD4A28CB1FD200DE6257 /* CoreAnimation */;
			targetProxy = 6AAFBD6228CB1FD400DE6257 /* PBXContainerItemProxy */;
		};
		6AAFBD6D28CB1FD400DE6257 /* PBXTargetDependency */ = {
			isa = PBXTargetDependency;
			target = 6AAFBD4A28CB1FD200DE6257 /* CoreAnimation */;
			targetProxy = 6AAFBD6C28CB1FD400DE6257 /* PBXContainerItemProxy */;
		};
/* End PBXTargetDependency section */

/* Begin PBXVariantGroup section */
		6AAFBD5428CB1FD200DE6257 /* Main.storyboard */ = {
			isa = PBXVariantGroup;
			children = (
				6AAFBD5528CB1FD200DE6257 /* Base */,
			);
			name = Main.storyboard;
			sourceTree = "<group>";
		};
		6AAFBD5928CB1FD300DE6257 /* LaunchScreen.storyboard */ = {
			isa = PBXVariantGroup;
			children = (
				6AAFBD5A28CB1FD300DE6257 /* Base */,
			);
			name = LaunchScreen.storyboard;
			sourceTree = "<group>";
		};
/* End PBXVariantGroup section */

/* Begin XCBuildConfiguration section */
		6AAFBD7328CB1FD400DE6257 /* Debug */ = {
			isa = XCBuildConfiguration;
			buildSettings = {
				ALWAYS_SEARCH_USER_PATHS = NO;
				CLANG_ANALYZER_NONNULL = YES;
				CLANG_ANALYZER_NUMBER_OBJECT_CONVERSION = YES_AGGRESSIVE;
				CLANG_CXX_LANGUAGE_STANDARD = "gnu++17";
				CLANG_ENABLE_MODULES = YES;
				CLANG_ENABLE_OBJC_ARC = YES;
				CLANG_ENABLE_OBJC_WEAK = YES;
				CLANG_WARN_BLOCK_CAPTURE_AUTORELEASING = YES;
				CLANG_WARN_BOOL_CONVERSION = YES;
				CLANG_WARN_COMMA = YES;
				CLANG_WARN_CONSTANT_CONVERSION = YES;
				CLANG_WARN_DEPRECATED_OBJC_IMPLEMENTATIONS = YES;
				CLANG_WARN_DIRECT_OBJC_ISA_USAGE = YES_ERROR;
				CLANG_WARN_DOCUMENTATION_COMMENTS = YES;
				CLANG_WARN_EMPTY_BODY = YES;
				CLANG_WARN_ENUM_CONVERSION = YES;
				CLANG_WARN_INFINITE_RECURSION = YES;
				CLANG_WARN_INT_CONVERSION = YES;
				CLANG_WARN_NON_LITERAL_NULL_CONVERSION = YES;
				CLANG_WARN_OBJC_IMPLICIT_RETAIN_SELF = YES;
				CLANG_WARN_OBJC_LITERAL_CONVERSION = YES;
				CLANG_WARN_OBJC_ROOT_CLASS = YES_ERROR;
				CLANG_WARN_QUOTED_INCLUDE_IN_FRAMEWORK_HEADER = YES;
				CLANG_WARN_RANGE_LOOP_ANALYSIS = YES;
				CLANG_WARN_STRICT_PROTOTYPES = YES;
				CLANG_WARN_SUSPICIOUS_MOVE = YES;
				CLANG_WARN_UNGUARDED_AVAILABILITY = YES_AGGRESSIVE;
				CLANG_WARN_UNREACHABLE_CODE = YES;
				CLANG_WARN__DUPLICATE_METHOD_MATCH = YES;
				COPY_PHASE_STRIP = NO;
				DEBUG_INFORMATION_FORMAT = dwarf;
				ENABLE_STRICT_OBJC_MSGSEND = YES;
				ENABLE_TESTABILITY = YES;
				GCC_C_LANGUAGE_STANDARD = gnu11;
				GCC_DYNAMIC_NO_PIC = NO;
				GCC_NO_COMMON_BLOCKS = YES;
				GCC_OPTIMIZATION_LEVEL = 0;
				GCC_PREPROCESSOR_DEFINITIONS = (
					"DEBUG=1",
					"$(inherited)",
				);
				GCC_WARN_64_TO_32_BIT_CONVERSION = YES;
				GCC_WARN_ABOUT_RETURN_TYPE = YES_ERROR;
				GCC_WARN_UNDECLARED_SELECTOR = YES;
				GCC_WARN_UNINITIALIZED_AUTOS = YES_AGGRESSIVE;
				GCC_WARN_UNUSED_FUNCTION = YES;
				GCC_WARN_UNUSED_VARIABLE = YES;
				IPHONEOS_DEPLOYMENT_TARGET = 15.5;
				MTL_ENABLE_DEBUG_INFO = INCLUDE_SOURCE;
				MTL_FAST_MATH = YES;
				ONLY_ACTIVE_ARCH = YES;
				SDKROOT = iphoneos;
				SWIFT_ACTIVE_COMPILATION_CONDITIONS = DEBUG;
				SWIFT_OPTIMIZATION_LEVEL = "-Onone";
			};
			name = Debug;
		};
		6AAFBD7428CB1FD400DE6257 /* Release */ = {
			isa = XCBuildConfiguration;
			buildSettings = {
				ALWAYS_SEARCH_USER_PATHS = NO;
				CLANG_ANALYZER_NONNULL = YES;
				CLANG_ANALYZER_NUMBER_OBJECT_CONVERSION = YES_AGGRESSIVE;
				CLANG_CXX_LANGUAGE_STANDARD = "gnu++17";
				CLANG_ENABLE_MODULES = YES;
				CLANG_ENABLE_OBJC_ARC = YES;
				CLANG_ENABLE_OBJC_WEAK = YES;
				CLANG_WARN_BLOCK_CAPTURE_AUTORELEASING = YES;
				CLANG_WARN_BOOL_CONVERSION = YES;
				CLANG_WARN_COMMA = YES;
				CLANG_WARN_CONSTANT_CONVERSION = YES;
				CLANG_WARN_DEPRECATED_OBJC_IMPLEMENTATIONS = YES;
				CLANG_WARN_DIRECT_OBJC_ISA_USAGE = YES_ERROR;
				CLANG_WARN_DOCUMENTATION_COMMENTS = YES;
				CLANG_WARN_EMPTY_BODY = YES;
				CLANG_WARN_ENUM_CONVERSION = YES;
				CLANG_WARN_INFINITE_RECURSION = YES;
				CLANG_WARN_INT_CONVERSION = YES;
				CLANG_WARN_NON_LITERAL_NULL_CONVERSION = YES;
				CLANG_WARN_OBJC_IMPLICIT_RETAIN_SELF = YES;
				CLANG_WARN_OBJC_LITERAL_CONVERSION = YES;
				CLANG_WARN_OBJC_ROOT_CLASS = YES_ERROR;
				CLANG_WARN_QUOTED_INCLUDE_IN_FRAMEWORK_HEADER = YES;
				CLANG_WARN_RANGE_LOOP_ANALYSIS = YES;
				CLANG_WARN_STRICT_PROTOTYPES = YES;
				CLANG_WARN_SUSPICIOUS_MOVE = YES;
				CLANG_WARN_UNGUARDED_AVAILABILITY = YES_AGGRESSIVE;
				CLANG_WARN_UNREACHABLE_CODE = YES;
				CLANG_WARN__DUPLICATE_METHOD_MATCH = YES;
				COPY_PHASE_STRIP = NO;
				DEBUG_INFORMATION_FORMAT = "dwarf-with-dsym";
				ENABLE_NS_ASSERTIONS = NO;
				ENABLE_STRICT_OBJC_MSGSEND = YES;
				GCC_C_LANGUAGE_STANDARD = gnu11;
				GCC_NO_COMMON_BLOCKS = YES;
				GCC_WARN_64_TO_32_BIT_CONVERSION = YES;
				GCC_WARN_ABOUT_RETURN_TYPE = YES_ERROR;
				GCC_WARN_UNDECLARED_SELECTOR = YES;
				GCC_WARN_UNINITIALIZED_AUTOS = YES_AGGRESSIVE;
				GCC_WARN_UNUSED_FUNCTION = YES;
				GCC_WARN_UNUSED_VARIABLE = YES;
				IPHONEOS_DEPLOYMENT_TARGET = 15.5;
				MTL_ENABLE_DEBUG_INFO = NO;
				MTL_FAST_MATH = YES;
				SDKROOT = iphoneos;
				SWIFT_COMPILATION_MODE = wholemodule;
				SWIFT_OPTIMIZATION_LEVEL = "-O";
				VALIDATE_PRODUCT = YES;
			};
			name = Release;
		};
		6AAFBD7628CB1FD400DE6257 /* Debug */ = {
			isa = XCBuildConfiguration;
			buildSettings = {
				ASSETCATALOG_COMPILER_APPICON_NAME = AppIcon;
				ASSETCATALOG_COMPILER_GLOBAL_ACCENT_COLOR_NAME = AccentColor;
				CODE_SIGN_STYLE = Automatic;
				CURRENT_PROJECT_VERSION = 1;
				DEVELOPMENT_TEAM = 4FJAGRL7Z5;
				GENERATE_INFOPLIST_FILE = YES;
				INFOPLIST_FILE = CoreAnimation/Info.plist;
				INFOPLIST_KEY_UIApplicationSupportsIndirectInputEvents = YES;
				INFOPLIST_KEY_UILaunchStoryboardName = LaunchScreen;
				INFOPLIST_KEY_UIMainStoryboardFile = Main;
				INFOPLIST_KEY_UISupportedInterfaceOrientations_iPad = "UIInterfaceOrientationPortrait UIInterfaceOrientationPortraitUpsideDown UIInterfaceOrientationLandscapeLeft UIInterfaceOrientationLandscapeRight";
				INFOPLIST_KEY_UISupportedInterfaceOrientations_iPhone = "UIInterfaceOrientationPortrait UIInterfaceOrientationLandscapeLeft UIInterfaceOrientationLandscapeRight";
				LD_RUNPATH_SEARCH_PATHS = (
					"$(inherited)",
					"@executable_path/Frameworks",
				);
				MARKETING_VERSION = 1.0;
				PRODUCT_BUNDLE_IDENTIFIER = com.xkw.CoreAnimation;
				PRODUCT_NAME = "$(TARGET_NAME)";
				SWIFT_EMIT_LOC_STRINGS = YES;
				SWIFT_VERSION = 5.0;
				TARGETED_DEVICE_FAMILY = "1,2";
			};
			name = Debug;
		};
		6AAFBD7728CB1FD400DE6257 /* Release */ = {
			isa = XCBuildConfiguration;
			buildSettings = {
				ASSETCATALOG_COMPILER_APPICON_NAME = AppIcon;
				ASSETCATALOG_COMPILER_GLOBAL_ACCENT_COLOR_NAME = AccentColor;
				CODE_SIGN_STYLE = Automatic;
				CURRENT_PROJECT_VERSION = 1;
				DEVELOPMENT_TEAM = 4FJAGRL7Z5;
				GENERATE_INFOPLIST_FILE = YES;
				INFOPLIST_FILE = CoreAnimation/Info.plist;
				INFOPLIST_KEY_UIApplicationSupportsIndirectInputEvents = YES;
				INFOPLIST_KEY_UILaunchStoryboardName = LaunchScreen;
				INFOPLIST_KEY_UIMainStoryboardFile = Main;
				INFOPLIST_KEY_UISupportedInterfaceOrientations_iPad = "UIInterfaceOrientationPortrait UIInterfaceOrientationPortraitUpsideDown UIInterfaceOrientationLandscapeLeft UIInterfaceOrientationLandscapeRight";
				INFOPLIST_KEY_UISupportedInterfaceOrientations_iPhone = "UIInterfaceOrientationPortrait UIInterfaceOrientationLandscapeLeft UIInterfaceOrientationLandscapeRight";
				LD_RUNPATH_SEARCH_PATHS = (
					"$(inherited)",
					"@executable_path/Frameworks",
				);
				MARKETING_VERSION = 1.0;
				PRODUCT_BUNDLE_IDENTIFIER = com.xkw.CoreAnimation;
				PRODUCT_NAME = "$(TARGET_NAME)";
				SWIFT_EMIT_LOC_STRINGS = YES;
				SWIFT_VERSION = 5.0;
				TARGETED_DEVICE_FAMILY = "1,2";
			};
			name = Release;
		};
		6AAFBD7928CB1FD400DE6257 /* Debug */ = {
			isa = XCBuildConfiguration;
			buildSettings = {
				ALWAYS_EMBED_SWIFT_STANDARD_LIBRARIES = YES;
				BUNDLE_LOADER = "$(TEST_HOST)";
				CODE_SIGN_STYLE = Automatic;
				CURRENT_PROJECT_VERSION = 1;
				DEVELOPMENT_TEAM = 4FJAGRL7Z5;
				GENERATE_INFOPLIST_FILE = YES;
				IPHONEOS_DEPLOYMENT_TARGET = 15.5;
				MARKETING_VERSION = 1.0;
				PRODUCT_BUNDLE_IDENTIFIER = com.xkw.CoreAnimationTests;
				PRODUCT_NAME = "$(TARGET_NAME)";
				SWIFT_EMIT_LOC_STRINGS = NO;
				SWIFT_VERSION = 5.0;
				TARGETED_DEVICE_FAMILY = "1,2";
				TEST_HOST = "$(BUILT_PRODUCTS_DIR)/CoreAnimation.app/CoreAnimation";
			};
			name = Debug;
		};
		6AAFBD7A28CB1FD400DE6257 /* Release */ = {
			isa = XCBuildConfiguration;
			buildSettings = {
				ALWAYS_EMBED_SWIFT_STANDARD_LIBRARIES = YES;
				BUNDLE_LOADER = "$(TEST_HOST)";
				CODE_SIGN_STYLE = Automatic;
				CURRENT_PROJECT_VERSION = 1;
				DEVELOPMENT_TEAM = 4FJAGRL7Z5;
				GENERATE_INFOPLIST_FILE = YES;
				IPHONEOS_DEPLOYMENT_TARGET = 15.5;
				MARKETING_VERSION = 1.0;
				PRODUCT_BUNDLE_IDENTIFIER = com.xkw.CoreAnimationTests;
				PRODUCT_NAME = "$(TARGET_NAME)";
				SWIFT_EMIT_LOC_STRINGS = NO;
				SWIFT_VERSION = 5.0;
				TARGETED_DEVICE_FAMILY = "1,2";
				TEST_HOST = "$(BUILT_PRODUCTS_DIR)/CoreAnimation.app/CoreAnimation";
			};
			name = Release;
		};
		6AAFBD7C28CB1FD400DE6257 /* Debug */ = {
			isa = XCBuildConfiguration;
			buildSettings = {
				ALWAYS_EMBED_SWIFT_STANDARD_LIBRARIES = YES;
				CODE_SIGN_STYLE = Automatic;
				CURRENT_PROJECT_VERSION = 1;
				DEVELOPMENT_TEAM = 4FJAGRL7Z5;
				GENERATE_INFOPLIST_FILE = YES;
				MARKETING_VERSION = 1.0;
				PRODUCT_BUNDLE_IDENTIFIER = com.xkw.CoreAnimationUITests;
				PRODUCT_NAME = "$(TARGET_NAME)";
				SWIFT_EMIT_LOC_STRINGS = NO;
				SWIFT_VERSION = 5.0;
				TARGETED_DEVICE_FAMILY = "1,2";
				TEST_TARGET_NAME = CoreAnimation;
			};
			name = Debug;
		};
		6AAFBD7D28CB1FD400DE6257 /* Release */ = {
			isa = XCBuildConfiguration;
			buildSettings = {
				ALWAYS_EMBED_SWIFT_STANDARD_LIBRARIES = YES;
				CODE_SIGN_STYLE = Automatic;
				CURRENT_PROJECT_VERSION = 1;
				DEVELOPMENT_TEAM = 4FJAGRL7Z5;
				GENERATE_INFOPLIST_FILE = YES;
				MARKETING_VERSION = 1.0;
				PRODUCT_BUNDLE_IDENTIFIER = com.xkw.CoreAnimationUITests;
				PRODUCT_NAME = "$(TARGET_NAME)";
				SWIFT_EMIT_LOC_STRINGS = NO;
				SWIFT_VERSION = 5.0;
				TARGETED_DEVICE_FAMILY = "1,2";
				TEST_TARGET_NAME = CoreAnimation;
			};
			name = Release;
		};
/* End XCBuildConfiguration section */

/* Begin XCConfigurationList section */
		6AAFBD4628CB1FD200DE6257 /* Build configuration list for PBXProject "CoreAnimation" */ = {
			isa = XCConfigurationList;
			buildConfigurations = (
				6AAFBD7328CB1FD400DE6257 /* Debug */,
				6AAFBD7428CB1FD400DE6257 /* Release */,
			);
			defaultConfigurationIsVisible = 0;
			defaultConfigurationName = Release;
		};
		6AAFBD7528CB1FD400DE6257 /* Build configuration list for PBXNativeTarget "CoreAnimation" */ = {
			isa = XCConfigurationList;
			buildConfigurations = (
				6AAFBD7628CB1FD400DE6257 /* Debug */,
				6AAFBD7728CB1FD400DE6257 /* Release */,
			);
			defaultConfigurationIsVisible = 0;
			defaultConfigurationName = Release;
		};
		6AAFBD7828CB1FD400DE6257 /* Build configuration list for PBXNativeTarget "CoreAnimationTests" */ = {
			isa = XCConfigurationList;
			buildConfigurations = (
				6AAFBD7928CB1FD400DE6257 /* Debug */,
				6AAFBD7A28CB1FD400DE6257 /* Release */,
			);
			defaultConfigurationIsVisible = 0;
			defaultConfigurationName = Release;
		};
		6AAFBD7B28CB1FD400DE6257 /* Build configuration list for PBXNativeTarget "CoreAnimationUITests" */ = {
			isa = XCConfigurationList;
			buildConfigurations = (
				6AAFBD7C28CB1FD400DE6257 /* Debug */,
				6AAFBD7D28CB1FD400DE6257 /* Release */,
			);
			defaultConfigurationIsVisible = 0;
			defaultConfigurationName = Release;
		};
/* End XCConfigurationList section */
	};
	rootObject = 6AAFBD4328CB1FD200DE6257 /* Project object */;
}
